// !$*UTF8*$!
{
	archiveVersion = 1;
	classes = {
	};
	objectVersion = 55;
	objects = {

/* Begin PBXBuildFile section */
		3208886E288357E3008E8D99 /* ListRow.swift in Sources */ = {isa = PBXBuildFile; fileRef = 3208886D288357E3008E8D99 /* ListRow.swift */; };
		32088870288360FD008E8D99 /* TextCleanUP.swift in Sources */ = {isa = PBXBuildFile; fileRef = 3208886F288360FD008E8D99 /* TextCleanUP.swift */; };
		32088872288366AC008E8D99 /* @escaping.swift in Sources */ = {isa = PBXBuildFile; fileRef = 32088871288366AC008E8D99 /* @escaping.swift */; };
		32088875288369CA008E8D99 /* 1.swift in Sources */ = {isa = PBXBuildFile; fileRef = 32088874288369CA008E8D99 /* 1.swift */; };
		32159B0628820AA8002F8D0F /* Singleton (Creational).swift in Sources */ = {isa = PBXBuildFile; fileRef = 32159B0528820AA8002F8D0F /* Singleton (Creational).swift */; };
		32159B0828820D4F002F8D0F /* Prototype (Creational).swift in Sources */ = {isa = PBXBuildFile; fileRef = 32159B0728820D4F002F8D0F /* Prototype (Creational).swift */; };
		32159B0A28821210002F8D0F /* Builder (Creational).swift in Sources */ = {isa = PBXBuildFile; fileRef = 32159B0928821210002F8D0F /* Builder (Creational).swift */; };
		32159B0C288213FA002F8D0F /* Factory (Creational).swift in Sources */ = {isa = PBXBuildFile; fileRef = 32159B0B288213FA002F8D0F /* Factory (Creational).swift */; };
		321E3299288648D4008AECC6 /* OpenClosed.swift in Sources */ = {isa = PBXBuildFile; fileRef = 321E3298288648D4008AECC6 /* OpenClosed.swift */; };
		321E329C28864A7F008AECC6 /* enums .swift in Sources */ = {isa = PBXBuildFile; fileRef = 321E329B28864A7F008AECC6 /* enums .swift */; };
		3231A11B2882256800943A7A /* Adapter (Structural).swift in Sources */ = {isa = PBXBuildFile; fileRef = 3231A11A2882256800943A7A /* Adapter (Structural).swift */; };
		3231A11D288248E100943A7A /* 18- BinarySearch.swift in Sources */ = {isa = PBXBuildFile; fileRef = 3231A11C288248E100943A7A /* 18- BinarySearch.swift */; };
		3231A11F28824A4F00943A7A /* 19- B-Tree.swift in Sources */ = {isa = PBXBuildFile; fileRef = 3231A11E28824A4F00943A7A /* 19- B-Tree.swift */; };
		3231A12128824BEF00943A7A /* 20- GeneralTree.swift in Sources */ = {isa = PBXBuildFile; fileRef = 3231A12028824BEF00943A7A /* 20- GeneralTree.swift */; };
		3231A12728825C6900943A7A /* Bridge (Structural).swift in Sources */ = {isa = PBXBuildFile; fileRef = 3231A12628825C6900943A7A /* Bridge (Structural).swift */; };
		3231A12A28825CC700943A7A /* Composite (Structural).swift in Sources */ = {isa = PBXBuildFile; fileRef = 3231A12928825CC700943A7A /* Composite (Structural).swift */; };
		325216B02884BE8B0023B7BA /* 1- Functions.swift in Sources */ = {isa = PBXBuildFile; fileRef = 325216AF2884BE8B0023B7BA /* 1- Functions.swift */; };
		325216B32884D1760023B7BA /* SingleResponsibility.swift in Sources */ = {isa = PBXBuildFile; fileRef = 325216B22884D1760023B7BA /* SingleResponsibility.swift */; };
		327C9FA4287F900F00C4E45A /* CombineGeneral.swift in Sources */ = {isa = PBXBuildFile; fileRef = 327C9FA3287F900F00C4E45A /* CombineGeneral.swift */; };
		327C9FA7287F9E4800C4E45A /* PropertyWrapperInfo.swift in Sources */ = {isa = PBXBuildFile; fileRef = 327C9FA6287F9E4800C4E45A /* PropertyWrapperInfo.swift */; };
		327C9FAD287F9F0300C4E45A /* 2- Arrays.swift in Sources */ = {isa = PBXBuildFile; fileRef = 327C9FAC287F9F0300C4E45A /* 2- Arrays.swift */; };
		327C9FAF287F9F1600C4E45A /* 3- Linked Lists.swift in Sources */ = {isa = PBXBuildFile; fileRef = 327C9FAE287F9F1600C4E45A /* 3- Linked Lists.swift */; };
		327C9FB1287F9F3000C4E45A /* 4- BigO (Reduced).swift in Sources */ = {isa = PBXBuildFile; fileRef = 327C9FB0287F9F3000C4E45A /* 4- BigO (Reduced).swift */; };
		327C9FB3287F9F5F00C4E45A /* 5- Stacks & Qeues.swift in Sources */ = {isa = PBXBuildFile; fileRef = 327C9FB2287F9F5F00C4E45A /* 5- Stacks & Qeues.swift */; };
		327C9FB5287F9FE500C4E45A /* 6- HashTables.swift in Sources */ = {isa = PBXBuildFile; fileRef = 327C9FB4287F9FE500C4E45A /* 6- HashTables.swift */; };
		327C9FB9287FA03400C4E45A /* 8- Memoization.swift in Sources */ = {isa = PBXBuildFile; fileRef = 327C9FB8287FA03400C4E45A /* 8- Memoization.swift */; };
		327C9FBB287FA04300C4E45A /* 9- Sorting.swift in Sources */ = {isa = PBXBuildFile; fileRef = 327C9FBA287FA04300C4E45A /* 9- Sorting.swift */; };
		327C9FBE287FA05600C4E45A /* 10- Graphs.swift in Sources */ = {isa = PBXBuildFile; fileRef = 327C9FBD287FA05600C4E45A /* 10- Graphs.swift */; };
		327C9FC0287FA06E00C4E45A /* 11- Commonly Asked.swift in Sources */ = {isa = PBXBuildFile; fileRef = 327C9FBF287FA06E00C4E45A /* 11- Commonly Asked.swift */; };
		327C9FC2287FA07C00C4E45A /* 12- Greatest Hits.swift in Sources */ = {isa = PBXBuildFile; fileRef = 327C9FC1287FA07C00C4E45A /* 12- Greatest Hits.swift */; };
		327C9FC4287FA08900C4E45A /* 13- Google.swift in Sources */ = {isa = PBXBuildFile; fileRef = 327C9FC3287FA08900C4E45A /* 13- Google.swift */; };
		327C9FC6287FA09900C4E45A /* 14- Facebook.swift in Sources */ = {isa = PBXBuildFile; fileRef = 327C9FC5287FA09900C4E45A /* 14- Facebook.swift */; };
		327C9FC8287FA0A600C4E45A /* 15- Amazon.swift in Sources */ = {isa = PBXBuildFile; fileRef = 327C9FC7287FA0A600C4E45A /* 15- Amazon.swift */; };
		329097DD288109E20090BA99 /* 16- Stack.swift in Sources */ = {isa = PBXBuildFile; fileRef = 329097DC288109E20090BA99 /* 16- Stack.swift */; };
		32AB51AB2886230600C445BC /* Publishers.swift in Sources */ = {isa = PBXBuildFile; fileRef = 32AB51AA2886230600C445BC /* Publishers.swift */; };
		32AB51AF288624C800C445BC /* UserInputWithDefaults.swift in Sources */ = {isa = PBXBuildFile; fileRef = 32AB51AE288624C800C445BC /* UserInputWithDefaults.swift */; };
		32C9A623287F40FF009EB7CA /* Karate.swift in Sources */ = {isa = PBXBuildFile; fileRef = 32C9A613287F40FD009EB7CA /* Karate.swift */; };
		32C9A624287F40FF009EB7CA /* Karate.swift in Sources */ = {isa = PBXBuildFile; fileRef = 32C9A613287F40FD009EB7CA /* Karate.swift */; };
		32C9A625287F40FF009EB7CA /* ContentView.swift in Sources */ = {isa = PBXBuildFile; fileRef = 32C9A614287F40FD009EB7CA /* ContentView.swift */; };
		32C9A626287F40FF009EB7CA /* ContentView.swift in Sources */ = {isa = PBXBuildFile; fileRef = 32C9A614287F40FD009EB7CA /* ContentView.swift */; };
		32C9A627287F40FF009EB7CA /* Assets.xcassets in Resources */ = {isa = PBXBuildFile; fileRef = 32C9A615287F40FF009EB7CA /* Assets.xcassets */; };
		32C9A628287F40FF009EB7CA /* Assets.xcassets in Resources */ = {isa = PBXBuildFile; fileRef = 32C9A615287F40FF009EB7CA /* Assets.xcassets */; };
		32C9A644287F45EC009EB7CA /* 1- BigO.swift in Sources */ = {isa = PBXBuildFile; fileRef = 32C9A643287F45EC009EB7CA /* 1- BigO.swift */; };
		32DAA4882880D90600FA2111 /* Response (Creational).swift in Sources */ = {isa = PBXBuildFile; fileRef = 32DAA4872880D90600FA2111 /* Response (Creational).swift */; };
		32DAA48A2880DC3900FA2111 /* Command (Creational).swift in Sources */ = {isa = PBXBuildFile; fileRef = 32DAA4892880DC3900FA2111 /* Command (Creational).swift */; };
		32DAA48C2880E40300FA2111 /* Iterator (Creational).swift in Sources */ = {isa = PBXBuildFile; fileRef = 32DAA48B2880E40300FA2111 /* Iterator (Creational).swift */; };
/* End PBXBuildFile section */

/* Begin PBXFileReference section */
		3208886D288357E3008E8D99 /* ListRow.swift */ = {isa = PBXFileReference; lastKnownFileType = sourcecode.swift; path = ListRow.swift; sourceTree = "<group>"; };
		3208886F288360FD008E8D99 /* TextCleanUP.swift */ = {isa = PBXFileReference; lastKnownFileType = sourcecode.swift; path = TextCleanUP.swift; sourceTree = "<group>"; };
		32088871288366AC008E8D99 /* @escaping.swift */ = {isa = PBXFileReference; lastKnownFileType = sourcecode.swift; path = "@escaping.swift"; sourceTree = "<group>"; };
		32088874288369CA008E8D99 /* 1.swift */ = {isa = PBXFileReference; lastKnownFileType = sourcecode.swift; path = 1.swift; sourceTree = "<group>"; };
		32159B0528820AA8002F8D0F /* Singleton (Creational).swift */ = {isa = PBXFileReference; lastKnownFileType = sourcecode.swift; path = "Singleton (Creational).swift"; sourceTree = "<group>"; };
		32159B0728820D4F002F8D0F /* Prototype (Creational).swift */ = {isa = PBXFileReference; lastKnownFileType = sourcecode.swift; path = "Prototype (Creational).swift"; sourceTree = "<group>"; };
		32159B0928821210002F8D0F /* Builder (Creational).swift */ = {isa = PBXFileReference; lastKnownFileType = sourcecode.swift; path = "Builder (Creational).swift"; sourceTree = "<group>"; };
		32159B0B288213FA002F8D0F /* Factory (Creational).swift */ = {isa = PBXFileReference; lastKnownFileType = sourcecode.swift; path = "Factory (Creational).swift"; sourceTree = "<group>"; };
		321E3298288648D4008AECC6 /* OpenClosed.swift */ = {isa = PBXFileReference; lastKnownFileType = sourcecode.swift; path = OpenClosed.swift; sourceTree = "<group>"; };
		321E329B28864A7F008AECC6 /* enums .swift */ = {isa = PBXFileReference; lastKnownFileType = sourcecode.swift; path = "enums .swift"; sourceTree = "<group>"; };
		3231A11A2882256800943A7A /* Adapter (Structural).swift */ = {isa = PBXFileReference; lastKnownFileType = sourcecode.swift; path = "Adapter (Structural).swift"; sourceTree = "<group>"; };
		3231A11C288248E100943A7A /* 18- BinarySearch.swift */ = {isa = PBXFileReference; lastKnownFileType = sourcecode.swift; path = "18- BinarySearch.swift"; sourceTree = "<group>"; };
		3231A11E28824A4F00943A7A /* 19- B-Tree.swift */ = {isa = PBXFileReference; lastKnownFileType = sourcecode.swift; path = "19- B-Tree.swift"; sourceTree = "<group>"; };
		3231A12028824BEF00943A7A /* 20- GeneralTree.swift */ = {isa = PBXFileReference; lastKnownFileType = sourcecode.swift; path = "20- GeneralTree.swift"; sourceTree = "<group>"; };
		3231A12628825C6900943A7A /* Bridge (Structural).swift */ = {isa = PBXFileReference; lastKnownFileType = sourcecode.swift; path = "Bridge (Structural).swift"; sourceTree = "<group>"; };
		3231A12928825CC700943A7A /* Composite (Structural).swift */ = {isa = PBXFileReference; lastKnownFileType = sourcecode.swift; path = "Composite (Structural).swift"; sourceTree = "<group>"; };
		325216AF2884BE8B0023B7BA /* 1- Functions.swift */ = {isa = PBXFileReference; lastKnownFileType = sourcecode.swift; path = "1- Functions.swift"; sourceTree = "<group>"; };
		325216B22884D1760023B7BA /* SingleResponsibility.swift */ = {isa = PBXFileReference; lastKnownFileType = sourcecode.swift; path = SingleResponsibility.swift; sourceTree = "<group>"; };
		327C9FA3287F900F00C4E45A /* CombineGeneral.swift */ = {isa = PBXFileReference; lastKnownFileType = sourcecode.swift; path = CombineGeneral.swift; sourceTree = "<group>"; };
		327C9FA6287F9E4800C4E45A /* PropertyWrapperInfo.swift */ = {isa = PBXFileReference; lastKnownFileType = sourcecode.swift; path = PropertyWrapperInfo.swift; sourceTree = "<group>"; };
		327C9FAC287F9F0300C4E45A /* 2- Arrays.swift */ = {isa = PBXFileReference; lastKnownFileType = sourcecode.swift; path = "2- Arrays.swift"; sourceTree = "<group>"; };
		327C9FAE287F9F1600C4E45A /* 3- Linked Lists.swift */ = {isa = PBXFileReference; lastKnownFileType = sourcecode.swift; path = "3- Linked Lists.swift"; sourceTree = "<group>"; };
		327C9FB0287F9F3000C4E45A /* 4- BigO (Reduced).swift */ = {isa = PBXFileReference; lastKnownFileType = sourcecode.swift; path = "4- BigO (Reduced).swift"; sourceTree = "<group>"; };
		327C9FB2287F9F5F00C4E45A /* 5- Stacks & Qeues.swift */ = {isa = PBXFileReference; lastKnownFileType = sourcecode.swift; path = "5- Stacks & Qeues.swift"; sourceTree = "<group>"; };
		327C9FB4287F9FE500C4E45A /* 6- HashTables.swift */ = {isa = PBXFileReference; lastKnownFileType = sourcecode.swift; path = "6- HashTables.swift"; sourceTree = "<group>"; };
		327C9FB8287FA03400C4E45A /* 8- Memoization.swift */ = {isa = PBXFileReference; lastKnownFileType = sourcecode.swift; path = "8- Memoization.swift"; sourceTree = "<group>"; };
		327C9FBA287FA04300C4E45A /* 9- Sorting.swift */ = {isa = PBXFileReference; lastKnownFileType = sourcecode.swift; path = "9- Sorting.swift"; sourceTree = "<group>"; };
		327C9FBD287FA05600C4E45A /* 10- Graphs.swift */ = {isa = PBXFileReference; lastKnownFileType = sourcecode.swift; path = "10- Graphs.swift"; sourceTree = "<group>"; };
		327C9FBF287FA06E00C4E45A /* 11- Commonly Asked.swift */ = {isa = PBXFileReference; lastKnownFileType = sourcecode.swift; path = "11- Commonly Asked.swift"; sourceTree = "<group>"; };
		327C9FC1287FA07C00C4E45A /* 12- Greatest Hits.swift */ = {isa = PBXFileReference; lastKnownFileType = sourcecode.swift; path = "12- Greatest Hits.swift"; sourceTree = "<group>"; };
		327C9FC3287FA08900C4E45A /* 13- Google.swift */ = {isa = PBXFileReference; lastKnownFileType = sourcecode.swift; path = "13- Google.swift"; sourceTree = "<group>"; };
		327C9FC5287FA09900C4E45A /* 14- Facebook.swift */ = {isa = PBXFileReference; lastKnownFileType = sourcecode.swift; path = "14- Facebook.swift"; sourceTree = "<group>"; };
		327C9FC7287FA0A600C4E45A /* 15- Amazon.swift */ = {isa = PBXFileReference; lastKnownFileType = sourcecode.swift; path = "15- Amazon.swift"; sourceTree = "<group>"; };
		329097DC288109E20090BA99 /* 16- Stack.swift */ = {isa = PBXFileReference; lastKnownFileType = sourcecode.swift; path = "16- Stack.swift"; sourceTree = "<group>"; };
		32AB51AA2886230600C445BC /* Publishers.swift */ = {isa = PBXFileReference; lastKnownFileType = sourcecode.swift; path = Publishers.swift; sourceTree = "<group>"; };
		32AB51AE288624C800C445BC /* UserInputWithDefaults.swift */ = {isa = PBXFileReference; lastKnownFileType = sourcecode.swift; path = UserInputWithDefaults.swift; sourceTree = "<group>"; };
		32C9A613287F40FD009EB7CA /* Karate.swift */ = {isa = PBXFileReference; lastKnownFileType = sourcecode.swift; path = Karate.swift; sourceTree = "<group>"; };
		32C9A614287F40FD009EB7CA /* ContentView.swift */ = {isa = PBXFileReference; lastKnownFileType = sourcecode.swift; path = ContentView.swift; sourceTree = "<group>"; };
		32C9A615287F40FF009EB7CA /* Assets.xcassets */ = {isa = PBXFileReference; lastKnownFileType = folder.assetcatalog; path = Assets.xcassets; sourceTree = "<group>"; };
		32C9A61A287F40FF009EB7CA /* Karate.app */ = {isa = PBXFileReference; explicitFileType = wrapper.application; includeInIndex = 0; path = Karate.app; sourceTree = BUILT_PRODUCTS_DIR; };
		32C9A620287F40FF009EB7CA /* Karate.app */ = {isa = PBXFileReference; explicitFileType = wrapper.application; includeInIndex = 0; path = Karate.app; sourceTree = BUILT_PRODUCTS_DIR; };
		32C9A622287F40FF009EB7CA /* macOS.entitlements */ = {isa = PBXFileReference; lastKnownFileType = text.plist.entitlements; path = macOS.entitlements; sourceTree = "<group>"; };
		32C9A643287F45EC009EB7CA /* 1- BigO.swift */ = {isa = PBXFileReference; lastKnownFileType = sourcecode.swift; path = "1- BigO.swift"; sourceTree = "<group>"; };
		32DAA4872880D90600FA2111 /* Response (Creational).swift */ = {isa = PBXFileReference; lastKnownFileType = sourcecode.swift; path = "Response (Creational).swift"; sourceTree = "<group>"; };
		32DAA4892880DC3900FA2111 /* Command (Creational).swift */ = {isa = PBXFileReference; lastKnownFileType = sourcecode.swift; path = "Command (Creational).swift"; sourceTree = "<group>"; };
		32DAA48B2880E40300FA2111 /* Iterator (Creational).swift */ = {isa = PBXFileReference; lastKnownFileType = sourcecode.swift; path = "Iterator (Creational).swift"; sourceTree = "<group>"; };
/* End PBXFileReference section */

/* Begin PBXFrameworksBuildPhase section */
		32C9A617287F40FF009EB7CA /* Frameworks */ = {
			isa = PBXFrameworksBuildPhase;
			buildActionMask = 2147483647;
			files = (
			);
			runOnlyForDeploymentPostprocessing = 0;
		};
		32C9A61D287F40FF009EB7CA /* Frameworks */ = {
			isa = PBXFrameworksBuildPhase;
			buildActionMask = 2147483647;
			files = (
			);
			runOnlyForDeploymentPostprocessing = 0;
		};
/* End PBXFrameworksBuildPhase section */

/* Begin PBXGroup section */
		3208886C288357B2008E8D99 /* SwiftUI */ = {
			isa = PBXGroup;
			children = (
				3208886D288357E3008E8D99 /* ListRow.swift */,
				3208886F288360FD008E8D99 /* TextCleanUP.swift */,
				32AB51AE288624C800C445BC /* UserInputWithDefaults.swift */,
			);
			path = SwiftUI;
			sourceTree = "<group>";
		};
		32088873288369BD008E8D99 /* POP */ = {
			isa = PBXGroup;
			children = (
				32088874288369CA008E8D99 /* 1.swift */,
			);
			path = POP;
			sourceTree = "<group>";
		};
		321E329A28864A6F008AECC6 /* Standard Library */ = {
			isa = PBXGroup;
			children = (
				321E329B28864A7F008AECC6 /* enums .swift */,
			);
			path = "Standard Library";
			sourceTree = "<group>";
		};
		325216AE2884BE5F0023B7BA /* Functions */ = {
			isa = PBXGroup;
			children = (
				325216AF2884BE8B0023B7BA /* 1- Functions.swift */,
			);
			path = Functions;
			sourceTree = "<group>";
		};
		325216B12884D1600023B7BA /* S.O.L.I.D. */ = {
			isa = PBXGroup;
			children = (
				325216B22884D1760023B7BA /* SingleResponsibility.swift */,
				321E3298288648D4008AECC6 /* OpenClosed.swift */,
			);
			path = S.O.L.I.D.;
			sourceTree = "<group>";
		};
		327C9FA0287F8FD500C4E45A /* @ */ = {
			isa = PBXGroup;
			children = (
				327C9FA6287F9E4800C4E45A /* PropertyWrapperInfo.swift */,
				32088871288366AC008E8D99 /* @escaping.swift */,
			);
			path = "@";
			sourceTree = "<group>";
		};
		327C9FA1287F8FDA00C4E45A /* Core Data */ = {
			isa = PBXGroup;
			children = (
			);
			path = "Core Data";
			sourceTree = "<group>";
		};
		327C9FA2287F8FFA00C4E45A /* Combine */ = {
			isa = PBXGroup;
			children = (
				327C9FA3287F900F00C4E45A /* CombineGeneral.swift */,
				32AB51AA2886230600C445BC /* Publishers.swift */,
			);
			path = Combine;
			sourceTree = "<group>";
		};
		327C9FA5287F9D9500C4E45A /* Karate */ = {
			isa = PBXGroup;
			children = (
				321E329A28864A6F008AECC6 /* Standard Library */,
				325216B12884D1600023B7BA /* S.O.L.I.D. */,
				3208886C288357B2008E8D99 /* SwiftUI */,
				32088873288369BD008E8D99 /* POP */,
				325216AE2884BE5F0023B7BA /* Functions */,
				32DAA4832880D8A800FA2111 /* Design Patterns */,
				327C9FA1287F8FDA00C4E45A /* Core Data */,
				327C9FA2287F8FFA00C4E45A /* Combine */,
				32C9A642287F4399009EB7CA /* Algorithms */,
				327C9FA0287F8FD500C4E45A /* @ */,
			);
			path = Karate;
			sourceTree = "<group>";
		};
		32C9A60D287F40FD009EB7CA = {
			isa = PBXGroup;
			children = (
				327C9FA5287F9D9500C4E45A /* Karate */,
				32C9A612287F40FD009EB7CA /* Shared */,
				32C9A621287F40FF009EB7CA /* macOS */,
				32C9A61B287F40FF009EB7CA /* Products */,
			);
			sourceTree = "<group>";
		};
		32C9A612287F40FD009EB7CA /* Shared */ = {
			isa = PBXGroup;
			children = (
				32C9A613287F40FD009EB7CA /* Karate.swift */,
				32C9A614287F40FD009EB7CA /* ContentView.swift */,
				32C9A615287F40FF009EB7CA /* Assets.xcassets */,
			);
			path = Shared;
			sourceTree = "<group>";
		};
		32C9A61B287F40FF009EB7CA /* Products */ = {
			isa = PBXGroup;
			children = (
				32C9A61A287F40FF009EB7CA /* Karate.app */,
				32C9A620287F40FF009EB7CA /* Karate.app */,
			);
			name = Products;
			sourceTree = "<group>";
		};
		32C9A621287F40FF009EB7CA /* macOS */ = {
			isa = PBXGroup;
			children = (
				32C9A622287F40FF009EB7CA /* macOS.entitlements */,
			);
			path = macOS;
			sourceTree = "<group>";
		};
		32C9A642287F4399009EB7CA /* Algorithms */ = {
			isa = PBXGroup;
			children = (
				329097DC288109E20090BA99 /* 16- Stack.swift */,
				327C9FC7287FA0A600C4E45A /* 15- Amazon.swift */,
				327C9FC5287FA09900C4E45A /* 14- Facebook.swift */,
				327C9FC3287FA08900C4E45A /* 13- Google.swift */,
				327C9FC1287FA07C00C4E45A /* 12- Greatest Hits.swift */,
				327C9FBF287FA06E00C4E45A /* 11- Commonly Asked.swift */,
				327C9FBD287FA05600C4E45A /* 10- Graphs.swift */,
				327C9FBA287FA04300C4E45A /* 9- Sorting.swift */,
				327C9FB8287FA03400C4E45A /* 8- Memoization.swift */,
				327C9FB4287F9FE500C4E45A /* 6- HashTables.swift */,
				327C9FB2287F9F5F00C4E45A /* 5- Stacks & Qeues.swift */,
				327C9FB0287F9F3000C4E45A /* 4- BigO (Reduced).swift */,
				327C9FAE287F9F1600C4E45A /* 3- Linked Lists.swift */,
				327C9FAC287F9F0300C4E45A /* 2- Arrays.swift */,
				32C9A643287F45EC009EB7CA /* 1- BigO.swift */,
				3231A11C288248E100943A7A /* 18- BinarySearch.swift */,
				3231A11E28824A4F00943A7A /* 19- B-Tree.swift */,
				3231A12028824BEF00943A7A /* 20- GeneralTree.swift */,
			);
			path = Algorithms;
			sourceTree = "<group>";
		};
		32DAA4832880D8A800FA2111 /* Design Patterns */ = {
			isa = PBXGroup;
			children = (
				32DAA48B2880E40300FA2111 /* Iterator (Creational).swift */,
				32DAA4892880DC3900FA2111 /* Command (Creational).swift */,
				32DAA4872880D90600FA2111 /* Response (Creational).swift */,
				32159B0528820AA8002F8D0F /* Singleton (Creational).swift */,
				32159B0728820D4F002F8D0F /* Prototype (Creational).swift */,
				32159B0928821210002F8D0F /* Builder (Creational).swift */,
				32159B0B288213FA002F8D0F /* Factory (Creational).swift */,
				3231A11A2882256800943A7A /* Adapter (Structural).swift */,
				3231A12628825C6900943A7A /* Bridge (Structural).swift */,
				3231A12928825CC700943A7A /* Composite (Structural).swift */,
			);
			path = "Design Patterns";
			sourceTree = "<group>";
		};
/* End PBXGroup section */

/* Begin PBXNativeTarget section */
		32C9A619287F40FF009EB7CA /* Karate (iOS) */ = {
			isa = PBXNativeTarget;
			buildConfigurationList = 32C9A62B287F40FF009EB7CA /* Build configuration list for PBXNativeTarget "Karate (iOS)" */;
			buildPhases = (
				32C9A616287F40FF009EB7CA /* Sources */,
				32C9A617287F40FF009EB7CA /* Frameworks */,
				32C9A618287F40FF009EB7CA /* Resources */,
			);
			buildRules = (
			);
			dependencies = (
			);
			name = "Karate (iOS)";
			productName = "Algorithms & Data Structures (iOS)";
			productReference = 32C9A61A287F40FF009EB7CA /* Karate.app */;
			productType = "com.apple.product-type.application";
		};
		32C9A61F287F40FF009EB7CA /* Karate (macOS) */ = {
			isa = PBXNativeTarget;
			buildConfigurationList = 32C9A62E287F40FF009EB7CA /* Build configuration list for PBXNativeTarget "Karate (macOS)" */;
			buildPhases = (
				32C9A61C287F40FF009EB7CA /* Sources */,
				32C9A61D287F40FF009EB7CA /* Frameworks */,
				32C9A61E287F40FF009EB7CA /* Resources */,
			);
			buildRules = (
			);
			dependencies = (
			);
			name = "Karate (macOS)";
			productName = "Algorithms & Data Structures (macOS)";
			productReference = 32C9A620287F40FF009EB7CA /* Karate.app */;
			productType = "com.apple.product-type.application";
		};
/* End PBXNativeTarget section */

/* Begin PBXProject section */
		32C9A60E287F40FD009EB7CA /* Project object */ = {
			isa = PBXProject;
			attributes = {
				BuildIndependentTargetsInParallel = 1;
				LastSwiftUpdateCheck = 1340;
				LastUpgradeCheck = 1340;
				TargetAttributes = {
					32C9A619287F40FF009EB7CA = {
						CreatedOnToolsVersion = 13.4;
					};
					32C9A61F287F40FF009EB7CA = {
						CreatedOnToolsVersion = 13.4;
					};
				};
			};
			buildConfigurationList = 32C9A611287F40FD009EB7CA /* Build configuration list for PBXProject "Karate" */;
			compatibilityVersion = "Xcode 13.0";
			developmentRegion = en;
			hasScannedForEncodings = 0;
			knownRegions = (
				en,
				Base,
			);
			mainGroup = 32C9A60D287F40FD009EB7CA;
			productRefGroup = 32C9A61B287F40FF009EB7CA /* Products */;
			projectDirPath = "";
			projectRoot = "";
			targets = (
				32C9A619287F40FF009EB7CA /* Karate (iOS) */,
				32C9A61F287F40FF009EB7CA /* Karate (macOS) */,
			);
		};
/* End PBXProject section */

/* Begin PBXResourcesBuildPhase section */
		32C9A618287F40FF009EB7CA /* Resources */ = {
			isa = PBXResourcesBuildPhase;
			buildActionMask = 2147483647;
			files = (
				32C9A627287F40FF009EB7CA /* Assets.xcassets in Resources */,
			);
			runOnlyForDeploymentPostprocessing = 0;
		};
		32C9A61E287F40FF009EB7CA /* Resources */ = {
			isa = PBXResourcesBuildPhase;
			buildActionMask = 2147483647;
			files = (
				32C9A628287F40FF009EB7CA /* Assets.xcassets in Resources */,
			);
			runOnlyForDeploymentPostprocessing = 0;
		};
/* End PBXResourcesBuildPhase section */

/* Begin PBXSourcesBuildPhase section */
		32C9A616287F40FF009EB7CA /* Sources */ = {
			isa = PBXSourcesBuildPhase;
			buildActionMask = 2147483647;
			files = (
				329097DD288109E20090BA99 /* 16- Stack.swift in Sources */,
				3231A11F28824A4F00943A7A /* 19- B-Tree.swift in Sources */,
				3231A11D288248E100943A7A /* 18- BinarySearch.swift in Sources */,
				32C9A644287F45EC009EB7CA /* 1- BigO.swift in Sources */,
				3231A12A28825CC700943A7A /* Composite (Structural).swift in Sources */,
				32159B0628820AA8002F8D0F /* Singleton (Creational).swift in Sources */,
				327C9FB9287FA03400C4E45A /* 8- Memoization.swift in Sources */,
				327C9FA7287F9E4800C4E45A /* PropertyWrapperInfo.swift in Sources */,
				327C9FBE287FA05600C4E45A /* 10- Graphs.swift in Sources */,
				32AB51AF288624C800C445BC /* UserInputWithDefaults.swift in Sources */,
				32C9A625287F40FF009EB7CA /* ContentView.swift in Sources */,
				32DAA4882880D90600FA2111 /* Response (Creational).swift in Sources */,
				32159B0828820D4F002F8D0F /* Prototype (Creational).swift in Sources */,
				32159B0A28821210002F8D0F /* Builder (Creational).swift in Sources */,
				325216B32884D1760023B7BA /* SingleResponsibility.swift in Sources */,
				321E329C28864A7F008AECC6 /* enums .swift in Sources */,
				327C9FB1287F9F3000C4E45A /* 4- BigO (Reduced).swift in Sources */,
				327C9FC8287FA0A600C4E45A /* 15- Amazon.swift in Sources */,
				32088875288369CA008E8D99 /* 1.swift in Sources */,
				32159B0C288213FA002F8D0F /* Factory (Creational).swift in Sources */,
				327C9FC0287FA06E00C4E45A /* 11- Commonly Asked.swift in Sources */,
				32088870288360FD008E8D99 /* TextCleanUP.swift in Sources */,
				3231A11B2882256800943A7A /* Adapter (Structural).swift in Sources */,
				327C9FAF287F9F1600C4E45A /* 3- Linked Lists.swift in Sources */,
				327C9FB5287F9FE500C4E45A /* 6- HashTables.swift in Sources */,
				327C9FBB287FA04300C4E45A /* 9- Sorting.swift in Sources */,
				327C9FB3287F9F5F00C4E45A /* 5- Stacks & Qeues.swift in Sources */,
				327C9FC6287FA09900C4E45A /* 14- Facebook.swift in Sources */,
				325216B02884BE8B0023B7BA /* 1- Functions.swift in Sources */,
				3231A12128824BEF00943A7A /* 20- GeneralTree.swift in Sources */,
				32088872288366AC008E8D99 /* @escaping.swift in Sources */,
				32DAA48C2880E40300FA2111 /* Iterator (Creational).swift in Sources */,
				32C9A623287F40FF009EB7CA /* Karate.swift in Sources */,
				3208886E288357E3008E8D99 /* ListRow.swift in Sources */,
				327C9FC2287FA07C00C4E45A /* 12- Greatest Hits.swift in Sources */,
				321E3299288648D4008AECC6 /* OpenClosed.swift in Sources */,
				32AB51AB2886230600C445BC /* Publishers.swift in Sources */,
				327C9FAD287F9F0300C4E45A /* 2- Arrays.swift in Sources */,
				327C9FA4287F900F00C4E45A /* CombineGeneral.swift in Sources */,
				3231A12728825C6900943A7A /* Bridge (Structural).swift in Sources */,
				327C9FC4287FA08900C4E45A /* 13- Google.swift in Sources */,
				32DAA48A2880DC3900FA2111 /* Command (Creational).swift in Sources */,
			);
			runOnlyForDeploymentPostprocessing = 0;
		};
		32C9A61C287F40FF009EB7CA /* Sources */ = {
			isa = PBXSourcesBuildPhase;
			buildActionMask = 2147483647;
			files = (
				32C9A626287F40FF009EB7CA /* ContentView.swift in Sources */,
				32C9A624287F40FF009EB7CA /* Karate.swift in Sources */,
			);
			runOnlyForDeploymentPostprocessing = 0;
		};
/* End PBXSourcesBuildPhase section */

/* Begin XCBuildConfiguration section */
		32C9A629287F40FF009EB7CA /* Debug */ = {
			isa = XCBuildConfiguration;
			buildSettings = {
				ALWAYS_SEARCH_USER_PATHS = NO;
				CLANG_ANALYZER_NONNULL = YES;
				CLANG_ANALYZER_NUMBER_OBJECT_CONVERSION = YES_AGGRESSIVE;
				CLANG_CXX_LANGUAGE_STANDARD = "gnu++17";
				CLANG_ENABLE_MODULES = YES;
				CLANG_ENABLE_OBJC_ARC = YES;
				CLANG_ENABLE_OBJC_WEAK = YES;
				CLANG_WARN_BLOCK_CAPTURE_AUTORELEASING = YES;
				CLANG_WARN_BOOL_CONVERSION = YES;
				CLANG_WARN_COMMA = YES;
				CLANG_WARN_CONSTANT_CONVERSION = YES;
				CLANG_WARN_DEPRECATED_OBJC_IMPLEMENTATIONS = YES;
				CLANG_WARN_DIRECT_OBJC_ISA_USAGE = YES_ERROR;
				CLANG_WARN_DOCUMENTATION_COMMENTS = YES;
				CLANG_WARN_EMPTY_BODY = YES;
				CLANG_WARN_ENUM_CONVERSION = YES;
				CLANG_WARN_INFINITE_RECURSION = YES;
				CLANG_WARN_INT_CONVERSION = YES;
				CLANG_WARN_NON_LITERAL_NULL_CONVERSION = YES;
				CLANG_WARN_OBJC_IMPLICIT_RETAIN_SELF = YES;
				CLANG_WARN_OBJC_LITERAL_CONVERSION = YES;
				CLANG_WARN_OBJC_ROOT_CLASS = YES_ERROR;
				CLANG_WARN_QUOTED_INCLUDE_IN_FRAMEWORK_HEADER = YES;
				CLANG_WARN_RANGE_LOOP_ANALYSIS = YES;
				CLANG_WARN_STRICT_PROTOTYPES = YES;
				CLANG_WARN_SUSPICIOUS_MOVE = YES;
				CLANG_WARN_UNGUARDED_AVAILABILITY = YES_AGGRESSIVE;
				CLANG_WARN_UNREACHABLE_CODE = YES;
				CLANG_WARN__DUPLICATE_METHOD_MATCH = YES;
				COPY_PHASE_STRIP = NO;
				DEBUG_INFORMATION_FORMAT = dwarf;
				ENABLE_STRICT_OBJC_MSGSEND = YES;
				ENABLE_TESTABILITY = YES;
				GCC_C_LANGUAGE_STANDARD = gnu11;
				GCC_DYNAMIC_NO_PIC = NO;
				GCC_NO_COMMON_BLOCKS = YES;
				GCC_OPTIMIZATION_LEVEL = 0;
				GCC_PREPROCESSOR_DEFINITIONS = (
					"DEBUG=1",
					"$(inherited)",
				);
				GCC_WARN_64_TO_32_BIT_CONVERSION = YES;
				GCC_WARN_ABOUT_RETURN_TYPE = YES_ERROR;
				GCC_WARN_UNDECLARED_SELECTOR = YES;
				GCC_WARN_UNINITIALIZED_AUTOS = YES_AGGRESSIVE;
				GCC_WARN_UNUSED_FUNCTION = YES;
				GCC_WARN_UNUSED_VARIABLE = YES;
				MTL_ENABLE_DEBUG_INFO = INCLUDE_SOURCE;
				MTL_FAST_MATH = YES;
				ONLY_ACTIVE_ARCH = YES;
				SWIFT_ACTIVE_COMPILATION_CONDITIONS = DEBUG;
				SWIFT_OPTIMIZATION_LEVEL = "-Onone";
			};
			name = Debug;
		};
		32C9A62A287F40FF009EB7CA /* Release */ = {
			isa = XCBuildConfiguration;
			buildSettings = {
				ALWAYS_SEARCH_USER_PATHS = NO;
				CLANG_ANALYZER_NONNULL = YES;
				CLANG_ANALYZER_NUMBER_OBJECT_CONVERSION = YES_AGGRESSIVE;
				CLANG_CXX_LANGUAGE_STANDARD = "gnu++17";
				CLANG_ENABLE_MODULES = YES;
				CLANG_ENABLE_OBJC_ARC = YES;
				CLANG_ENABLE_OBJC_WEAK = YES;
				CLANG_WARN_BLOCK_CAPTURE_AUTORELEASING = YES;
				CLANG_WARN_BOOL_CONVERSION = YES;
				CLANG_WARN_COMMA = YES;
				CLANG_WARN_CONSTANT_CONVERSION = YES;
				CLANG_WARN_DEPRECATED_OBJC_IMPLEMENTATIONS = YES;
				CLANG_WARN_DIRECT_OBJC_ISA_USAGE = YES_ERROR;
				CLANG_WARN_DOCUMENTATION_COMMENTS = YES;
				CLANG_WARN_EMPTY_BODY = YES;
				CLANG_WARN_ENUM_CONVERSION = YES;
				CLANG_WARN_INFINITE_RECURSION = YES;
				CLANG_WARN_INT_CONVERSION = YES;
				CLANG_WARN_NON_LITERAL_NULL_CONVERSION = YES;
				CLANG_WARN_OBJC_IMPLICIT_RETAIN_SELF = YES;
				CLANG_WARN_OBJC_LITERAL_CONVERSION = YES;
				CLANG_WARN_OBJC_ROOT_CLASS = YES_ERROR;
				CLANG_WARN_QUOTED_INCLUDE_IN_FRAMEWORK_HEADER = YES;
				CLANG_WARN_RANGE_LOOP_ANALYSIS = YES;
				CLANG_WARN_STRICT_PROTOTYPES = YES;
				CLANG_WARN_SUSPICIOUS_MOVE = YES;
				CLANG_WARN_UNGUARDED_AVAILABILITY = YES_AGGRESSIVE;
				CLANG_WARN_UNREACHABLE_CODE = YES;
				CLANG_WARN__DUPLICATE_METHOD_MATCH = YES;
				COPY_PHASE_STRIP = NO;
				DEBUG_INFORMATION_FORMAT = "dwarf-with-dsym";
				ENABLE_NS_ASSERTIONS = NO;
				ENABLE_STRICT_OBJC_MSGSEND = YES;
				GCC_C_LANGUAGE_STANDARD = gnu11;
				GCC_NO_COMMON_BLOCKS = YES;
				GCC_WARN_64_TO_32_BIT_CONVERSION = YES;
				GCC_WARN_ABOUT_RETURN_TYPE = YES_ERROR;
				GCC_WARN_UNDECLARED_SELECTOR = YES;
				GCC_WARN_UNINITIALIZED_AUTOS = YES_AGGRESSIVE;
				GCC_WARN_UNUSED_FUNCTION = YES;
				GCC_WARN_UNUSED_VARIABLE = YES;
				MTL_ENABLE_DEBUG_INFO = NO;
				MTL_FAST_MATH = YES;
				SWIFT_COMPILATION_MODE = wholemodule;
				SWIFT_OPTIMIZATION_LEVEL = "-O";
			};
			name = Release;
		};
		32C9A62C287F40FF009EB7CA /* Debug */ = {
			isa = XCBuildConfiguration;
			buildSettings = {
				ASSETCATALOG_COMPILER_APPICON_NAME = AppIcon;
				ASSETCATALOG_COMPILER_GLOBAL_ACCENT_COLOR_NAME = AccentColor;
				CODE_SIGN_STYLE = Automatic;
				CURRENT_PROJECT_VERSION = 1;
				DEVELOPMENT_TEAM = 8PS52ALX4P;
				ENABLE_PREVIEWS = YES;
				GENERATE_INFOPLIST_FILE = YES;
				INFOPLIST_KEY_UIApplicationSceneManifest_Generation = YES;
				INFOPLIST_KEY_UIApplicationSupportsIndirectInputEvents = YES;
				INFOPLIST_KEY_UILaunchScreen_Generation = YES;
				INFOPLIST_KEY_UISupportedInterfaceOrientations_iPad = "UIInterfaceOrientationPortrait UIInterfaceOrientationPortraitUpsideDown UIInterfaceOrientationLandscapeLeft UIInterfaceOrientationLandscapeRight";
				INFOPLIST_KEY_UISupportedInterfaceOrientations_iPhone = "UIInterfaceOrientationPortrait UIInterfaceOrientationLandscapeLeft UIInterfaceOrientationLandscapeRight";
				IPHONEOS_DEPLOYMENT_TARGET = 15.5;
				LD_RUNPATH_SEARCH_PATHS = (
					"$(inherited)",
					"@executable_path/Frameworks",
				);
				MARKETING_VERSION = 1.0;
				PRODUCT_BUNDLE_IDENTIFIER = Karate;
				PRODUCT_NAME = Karate;
				SDKROOT = iphoneos;
				SWIFT_EMIT_LOC_STRINGS = YES;
				SWIFT_VERSION = 5.0;
				TARGETED_DEVICE_FAMILY = "1,2";
			};
			name = Debug;
		};
		32C9A62D287F40FF009EB7CA /* Release */ = {
			isa = XCBuildConfiguration;
			buildSettings = {
				ASSETCATALOG_COMPILER_APPICON_NAME = AppIcon;
				ASSETCATALOG_COMPILER_GLOBAL_ACCENT_COLOR_NAME = AccentColor;
				CODE_SIGN_STYLE = Automatic;
				CURRENT_PROJECT_VERSION = 1;
				DEVELOPMENT_TEAM = 8PS52ALX4P;
				ENABLE_PREVIEWS = YES;
				GENERATE_INFOPLIST_FILE = YES;
				INFOPLIST_KEY_UIApplicationSceneManifest_Generation = YES;
				INFOPLIST_KEY_UIApplicationSupportsIndirectInputEvents = YES;
				INFOPLIST_KEY_UILaunchScreen_Generation = YES;
				INFOPLIST_KEY_UISupportedInterfaceOrientations_iPad = "UIInterfaceOrientationPortrait UIInterfaceOrientationPortraitUpsideDown UIInterfaceOrientationLandscapeLeft UIInterfaceOrientationLandscapeRight";
				INFOPLIST_KEY_UISupportedInterfaceOrientations_iPhone = "UIInterfaceOrientationPortrait UIInterfaceOrientationLandscapeLeft UIInterfaceOrientationLandscapeRight";
				IPHONEOS_DEPLOYMENT_TARGET = 15.5;
				LD_RUNPATH_SEARCH_PATHS = (
					"$(inherited)",
					"@executable_path/Frameworks",
				);
				MARKETING_VERSION = 1.0;
				PRODUCT_BUNDLE_IDENTIFIER = Karate;
				PRODUCT_NAME = Karate;
				SDKROOT = iphoneos;
				SWIFT_EMIT_LOC_STRINGS = YES;
				SWIFT_VERSION = 5.0;
				TARGETED_DEVICE_FAMILY = "1,2";
				VALIDATE_PRODUCT = YES;
			};
			name = Release;
		};
		32C9A62F287F40FF009EB7CA /* Debug */ = {
			isa = XCBuildConfiguration;
			buildSettings = {
				ASSETCATALOG_COMPILER_APPICON_NAME = AppIcon;
				ASSETCATALOG_COMPILER_GLOBAL_ACCENT_COLOR_NAME = AccentColor;
				CODE_SIGN_ENTITLEMENTS = macOS/macOS.entitlements;
				CODE_SIGN_STYLE = Automatic;
				COMBINE_HIDPI_IMAGES = YES;
				CURRENT_PROJECT_VERSION = 1;
				DEVELOPMENT_TEAM = 8PS52ALX4P;
				ENABLE_HARDENED_RUNTIME = YES;
				ENABLE_PREVIEWS = YES;
				GENERATE_INFOPLIST_FILE = YES;
				INFOPLIST_KEY_NSHumanReadableCopyright = "";
				LD_RUNPATH_SEARCH_PATHS = (
					"$(inherited)",
					"@executable_path/../Frameworks",
				);
				MACOSX_DEPLOYMENT_TARGET = 12.3;
				MARKETING_VERSION = 1.0;
				PRODUCT_BUNDLE_IDENTIFIER = "-.Algorithms---Data-Structures";
				PRODUCT_NAME = Karate;
				SDKROOT = macosx;
				SWIFT_EMIT_LOC_STRINGS = YES;
				SWIFT_VERSION = 5.0;
			};
			name = Debug;
		};
		32C9A630287F40FF009EB7CA /* Release */ = {
			isa = XCBuildConfiguration;
			buildSettings = {
				ASSETCATALOG_COMPILER_APPICON_NAME = AppIcon;
				ASSETCATALOG_COMPILER_GLOBAL_ACCENT_COLOR_NAME = AccentColor;
				CODE_SIGN_ENTITLEMENTS = macOS/macOS.entitlements;
				CODE_SIGN_STYLE = Automatic;
				COMBINE_HIDPI_IMAGES = YES;
				CURRENT_PROJECT_VERSION = 1;
				DEVELOPMENT_TEAM = 8PS52ALX4P;
				ENABLE_HARDENED_RUNTIME = YES;
				ENABLE_PREVIEWS = YES;
				GENERATE_INFOPLIST_FILE = YES;
				INFOPLIST_KEY_NSHumanReadableCopyright = "";
				LD_RUNPATH_SEARCH_PATHS = (
					"$(inherited)",
					"@executable_path/../Frameworks",
				);
				MACOSX_DEPLOYMENT_TARGET = 12.3;
				MARKETING_VERSION = 1.0;
				PRODUCT_BUNDLE_IDENTIFIER = "-.Algorithms---Data-Structures";
				PRODUCT_NAME = Karate;
				SDKROOT = macosx;
				SWIFT_EMIT_LOC_STRINGS = YES;
				SWIFT_VERSION = 5.0;
			};
			name = Release;
		};
/* End XCBuildConfiguration section */

/* Begin XCConfigurationList section */
		32C9A611287F40FD009EB7CA /* Build configuration list for PBXProject "Karate" */ = {
			isa = XCConfigurationList;
			buildConfigurations = (
				32C9A629287F40FF009EB7CA /* Debug */,
				32C9A62A287F40FF009EB7CA /* Release */,
			);
			defaultConfigurationIsVisible = 0;
			defaultConfigurationName = Release;
		};
		32C9A62B287F40FF009EB7CA /* Build configuration list for PBXNativeTarget "Karate (iOS)" */ = {
			isa = XCConfigurationList;
			buildConfigurations = (
				32C9A62C287F40FF009EB7CA /* Debug */,
				32C9A62D287F40FF009EB7CA /* Release */,
			);
			defaultConfigurationIsVisible = 0;
			defaultConfigurationName = Release;
		};
		32C9A62E287F40FF009EB7CA /* Build configuration list for PBXNativeTarget "Karate (macOS)" */ = {
			isa = XCConfigurationList;
			buildConfigurations = (
				32C9A62F287F40FF009EB7CA /* Debug */,
				32C9A630287F40FF009EB7CA /* Release */,
			);
			defaultConfigurationIsVisible = 0;
			defaultConfigurationName = Release;
		};
/* End XCConfigurationList section */
	};
	rootObject = 32C9A60E287F40FD009EB7CA /* Project object */;
}
