// !$*UTF8*$!
{
	archiveVersion = 1;
	classes = {
	};
	objectVersion = 55;
	objects = {

/* Begin PBXBuildFile section */
		327C9FA4287F900F00C4E45A /* contents.swift in Sources */ = {isa = PBXBuildFile; fileRef = 327C9FA3287F900F00C4E45A /* contents.swift */; };
		32C9A623287F40FF009EB7CA /* Karate.swift in Sources */ = {isa = PBXBuildFile; fileRef = 32C9A613287F40FD009EB7CA /* Karate.swift */; };
		32C9A624287F40FF009EB7CA /* Karate.swift in Sources */ = {isa = PBXBuildFile; fileRef = 32C9A613287F40FD009EB7CA /* Karate.swift */; };
		32C9A625287F40FF009EB7CA /* ContentView.swift in Sources */ = {isa = PBXBuildFile; fileRef = 32C9A614287F40FD009EB7CA /* ContentView.swift */; };
		32C9A626287F40FF009EB7CA /* ContentView.swift in Sources */ = {isa = PBXBuildFile; fileRef = 32C9A614287F40FD009EB7CA /* ContentView.swift */; };
		32C9A627287F40FF009EB7CA /* Assets.xcassets in Resources */ = {isa = PBXBuildFile; fileRef = 32C9A615287F40FF009EB7CA /* Assets.xcassets */; };
		32C9A628287F40FF009EB7CA /* Assets.xcassets in Resources */ = {isa = PBXBuildFile; fileRef = 32C9A615287F40FF009EB7CA /* Assets.xcassets */; };
		32C9A644287F45EC009EB7CA /* contents.swift in Sources */ = {isa = PBXBuildFile; fileRef = 32C9A643287F45EC009EB7CA /* contents.swift */; };
/* End PBXBuildFile section */

/* Begin PBXFileReference section */
		327C9FA3287F900F00C4E45A /* contents.swift */ = {isa = PBXFileReference; lastKnownFileType = sourcecode.swift; path = contents.swift; sourceTree = "<group>"; };
		32C9A613287F40FD009EB7CA /* Karate.swift */ = {isa = PBXFileReference; lastKnownFileType = sourcecode.swift; path = Karate.swift; sourceTree = "<group>"; };
		32C9A614287F40FD009EB7CA /* ContentView.swift */ = {isa = PBXFileReference; lastKnownFileType = sourcecode.swift; path = ContentView.swift; sourceTree = "<group>"; };
		32C9A615287F40FF009EB7CA /* Assets.xcassets */ = {isa = PBXFileReference; lastKnownFileType = folder.assetcatalog; path = Assets.xcassets; sourceTree = "<group>"; };
		32C9A61A287F40FF009EB7CA /* Karate.app */ = {isa = PBXFileReference; explicitFileType = wrapper.application; includeInIndex = 0; path = Karate.app; sourceTree = BUILT_PRODUCTS_DIR; };
		32C9A620287F40FF009EB7CA /* Karate.app */ = {isa = PBXFileReference; explicitFileType = wrapper.application; includeInIndex = 0; path = Karate.app; sourceTree = BUILT_PRODUCTS_DIR; };
		32C9A622287F40FF009EB7CA /* macOS.entitlements */ = {isa = PBXFileReference; lastKnownFileType = text.plist.entitlements; path = macOS.entitlements; sourceTree = "<group>"; };
		32C9A643287F45EC009EB7CA /* contents.swift */ = {isa = PBXFileReference; lastKnownFileType = sourcecode.swift; path = contents.swift; sourceTree = "<group>"; };
/* End PBXFileReference section */

/* Begin PBXFrameworksBuildPhase section */
		32C9A617287F40FF009EB7CA /* Frameworks */ = {
			isa = PBXFrameworksBuildPhase;
			buildActionMask = 2147483647;
			files = (
			);
			runOnlyForDeploymentPostprocessing = 0;
		};
		32C9A61D287F40FF009EB7CA /* Frameworks */ = {
			isa = PBXFrameworksBuildPhase;
			buildActionMask = 2147483647;
			files = (
			);
			runOnlyForDeploymentPostprocessing = 0;
		};
/* End PBXFrameworksBuildPhase section */

/* Begin PBXGroup section */
		327C9FA0287F8FD500C4E45A /* @ */ = {
			isa = PBXGroup;
			children = (
			);
			path = "@";
			sourceTree = "<group>";
		};
		327C9FA1287F8FDA00C4E45A /* Core Data */ = {
			isa = PBXGroup;
			children = (
			);
			path = "Core Data";
			sourceTree = "<group>";
		};
		327C9FA2287F8FFA00C4E45A /* Combine */ = {
			isa = PBXGroup;
			children = (
				327C9FA3287F900F00C4E45A /* contents.swift */,
			);
			path = Combine;
			sourceTree = "<group>";
		};
		327C9FA5287F9D9500C4E45A /* Karate */ = {
			isa = PBXGroup;
			children = (
				327C9FA1287F8FDA00C4E45A /* Core Data */,
				327C9FA0287F8FD500C4E45A /* @ */,
				32C9A642287F4399009EB7CA /* Algorithms */,
				327C9FA2287F8FFA00C4E45A /* Combine */,
			);
			path = Karate;
			sourceTree = "<group>";
		};
		32C9A60D287F40FD009EB7CA = {
			isa = PBXGroup;
			children = (
				327C9FA5287F9D9500C4E45A /* Karate */,
				32C9A612287F40FD009EB7CA /* Shared */,
				32C9A621287F40FF009EB7CA /* macOS */,
				32C9A61B287F40FF009EB7CA /* Products */,
			);
			sourceTree = "<group>";
		};
		32C9A612287F40FD009EB7CA /* Shared */ = {
			isa = PBXGroup;
			children = (
				32C9A613287F40FD009EB7CA /* Karate.swift */,
				32C9A614287F40FD009EB7CA /* ContentView.swift */,
				32C9A615287F40FF009EB7CA /* Assets.xcassets */,
			);
			path = Shared;
			sourceTree = "<group>";
		};
		32C9A61B287F40FF009EB7CA /* Products */ = {
			isa = PBXGroup;
			children = (
				32C9A61A287F40FF009EB7CA /* Karate.app */,
				32C9A620287F40FF009EB7CA /* Karate.app */,
			);
			name = Products;
			sourceTree = "<group>";
		};
		32C9A621287F40FF009EB7CA /* macOS */ = {
			isa = PBXGroup;
			children = (
				32C9A622287F40FF009EB7CA /* macOS.entitlements */,
			);
			path = macOS;
			sourceTree = "<group>";
		};
		32C9A631287F418C009EB7CA /* 1-BigO */ = {
			isa = PBXGroup;
			children = (
				32C9A643287F45EC009EB7CA /* contents.swift */,
			);
			path = "1-BigO";
			sourceTree = "<group>";
		};
		32C9A632287F4198009EB7CA /* 2-Arrays */ = {
			isa = PBXGroup;
			children = (
			);
			path = "2-Arrays";
			sourceTree = "<group>";
		};
		32C9A633287F41A1009EB7CA /* 3-LinkedLists */ = {
			isa = PBXGroup;
			children = (
			);
			path = "3-LinkedLists";
			sourceTree = "<group>";
		};
		32C9A634287F41AD009EB7CA /* 4-Big0(Reduced) */ = {
			isa = PBXGroup;
			children = (
			);
			path = "4-Big0(Reduced)";
			sourceTree = "<group>";
		};
		32C9A635287F41C5009EB7CA /* 5-Stacks & Queues */ = {
			isa = PBXGroup;
			children = (
			);
			path = "5-Stacks & Queues";
			sourceTree = "<group>";
		};
		32C9A636287F41DE009EB7CA /* 6-HashTables */ = {
			isa = PBXGroup;
			children = (
			);
			path = "6-HashTables";
			sourceTree = "<group>";
		};
		32C9A637287F4214009EB7CA /* 7-BinaryTrees */ = {
			isa = PBXGroup;
			children = (
			);
			path = "7-BinaryTrees";
			sourceTree = "<group>";
		};
		32C9A638287F421D009EB7CA /* 8-Memoization */ = {
			isa = PBXGroup;
			children = (
			);
			path = "8-Memoization";
			sourceTree = "<group>";
		};
		32C9A639287F4235009EB7CA /* 9-Sorting */ = {
			isa = PBXGroup;
			children = (
			);
			path = "9-Sorting";
			sourceTree = "<group>";
		};
		32C9A63A287F4245009EB7CA /* 10-Graphs */ = {
			isa = PBXGroup;
			children = (
			);
			path = "10-Graphs";
			sourceTree = "<group>";
		};
		32C9A63B287F4250009EB7CA /* 11-CommonlyAsked */ = {
			isa = PBXGroup;
			children = (
			);
			path = "11-CommonlyAsked";
			sourceTree = "<group>";
		};
		32C9A63C287F425C009EB7CA /* 12-GreatestHits */ = {
			isa = PBXGroup;
			children = (
			);
			path = "12-GreatestHits";
			sourceTree = "<group>";
		};
		32C9A63D287F426F009EB7CA /* 13-Google */ = {
			isa = PBXGroup;
			children = (
			);
			path = "13-Google";
			sourceTree = "<group>";
		};
		32C9A63E287F427D009EB7CA /* 14-Facebook */ = {
			isa = PBXGroup;
			children = (
			);
			path = "14-Facebook";
			sourceTree = "<group>";
		};
		32C9A63F287F428A009EB7CA /* 15-Amazon */ = {
			isa = PBXGroup;
			children = (
			);
			path = "15-Amazon";
			sourceTree = "<group>";
		};
		32C9A642287F4399009EB7CA /* Algorithms */ = {
			isa = PBXGroup;
			children = (
				32C9A63F287F428A009EB7CA /* 15-Amazon */,
				32C9A63E287F427D009EB7CA /* 14-Facebook */,
				32C9A63D287F426F009EB7CA /* 13-Google */,
				32C9A63C287F425C009EB7CA /* 12-GreatestHits */,
				32C9A63B287F4250009EB7CA /* 11-CommonlyAsked */,
				32C9A63A287F4245009EB7CA /* 10-Graphs */,
				32C9A639287F4235009EB7CA /* 9-Sorting */,
				32C9A638287F421D009EB7CA /* 8-Memoization */,
				32C9A637287F4214009EB7CA /* 7-BinaryTrees */,
				32C9A636287F41DE009EB7CA /* 6-HashTables */,
				32C9A635287F41C5009EB7CA /* 5-Stacks & Queues */,
				32C9A634287F41AD009EB7CA /* 4-Big0(Reduced) */,
				32C9A633287F41A1009EB7CA /* 3-LinkedLists */,
				32C9A632287F4198009EB7CA /* 2-Arrays */,
				32C9A631287F418C009EB7CA /* 1-BigO */,
			);
			path = Algorithms;
			sourceTree = "<group>";
		};
/* End PBXGroup section */

/* Begin PBXNativeTarget section */
		32C9A619287F40FF009EB7CA /* Karate (iOS) */ = {
			isa = PBXNativeTarget;
			buildConfigurationList = 32C9A62B287F40FF009EB7CA /* Build configuration list for PBXNativeTarget "Karate (iOS)" */;
			buildPhases = (
				32C9A616287F40FF009EB7CA /* Sources */,
				32C9A617287F40FF009EB7CA /* Frameworks */,
				32C9A618287F40FF009EB7CA /* Resources */,
			);
			buildRules = (
			);
			dependencies = (
			);
			name = "Karate (iOS)";
			productName = "Algorithms & Data Structures (iOS)";
			productReference = 32C9A61A287F40FF009EB7CA /* Karate.app */;
			productType = "com.apple.product-type.application";
		};
		32C9A61F287F40FF009EB7CA /* Karate (macOS) */ = {
			isa = PBXNativeTarget;
			buildConfigurationList = 32C9A62E287F40FF009EB7CA /* Build configuration list for PBXNativeTarget "Karate (macOS)" */;
			buildPhases = (
				32C9A61C287F40FF009EB7CA /* Sources */,
				32C9A61D287F40FF009EB7CA /* Frameworks */,
				32C9A61E287F40FF009EB7CA /* Resources */,
			);
			buildRules = (
			);
			dependencies = (
			);
			name = "Karate (macOS)";
			productName = "Algorithms & Data Structures (macOS)";
			productReference = 32C9A620287F40FF009EB7CA /* Karate.app */;
			productType = "com.apple.product-type.application";
		};
/* End PBXNativeTarget section */

/* Begin PBXProject section */
		32C9A60E287F40FD009EB7CA /* Project object */ = {
			isa = PBXProject;
			attributes = {
				BuildIndependentTargetsInParallel = 1;
				LastSwiftUpdateCheck = 1340;
				LastUpgradeCheck = 1340;
				TargetAttributes = {
					32C9A619287F40FF009EB7CA = {
						CreatedOnToolsVersion = 13.4;
					};
					32C9A61F287F40FF009EB7CA = {
						CreatedOnToolsVersion = 13.4;
					};
				};
			};
			buildConfigurationList = 32C9A611287F40FD009EB7CA /* Build configuration list for PBXProject "Karate" */;
			compatibilityVersion = "Xcode 13.0";
			developmentRegion = en;
			hasScannedForEncodings = 0;
			knownRegions = (
				en,
				Base,
			);
			mainGroup = 32C9A60D287F40FD009EB7CA;
			productRefGroup = 32C9A61B287F40FF009EB7CA /* Products */;
			projectDirPath = "";
			projectRoot = "";
			targets = (
				32C9A619287F40FF009EB7CA /* Karate (iOS) */,
				32C9A61F287F40FF009EB7CA /* Karate (macOS) */,
			);
		};
/* End PBXProject section */

/* Begin PBXResourcesBuildPhase section */
		32C9A618287F40FF009EB7CA /* Resources */ = {
			isa = PBXResourcesBuildPhase;
			buildActionMask = 2147483647;
			files = (
				32C9A627287F40FF009EB7CA /* Assets.xcassets in Resources */,
			);
			runOnlyForDeploymentPostprocessing = 0;
		};
		32C9A61E287F40FF009EB7CA /* Resources */ = {
			isa = PBXResourcesBuildPhase;
			buildActionMask = 2147483647;
			files = (
				32C9A628287F40FF009EB7CA /* Assets.xcassets in Resources */,
			);
			runOnlyForDeploymentPostprocessing = 0;
		};
/* End PBXResourcesBuildPhase section */

/* Begin PBXSourcesBuildPhase section */
		32C9A616287F40FF009EB7CA /* Sources */ = {
			isa = PBXSourcesBuildPhase;
			buildActionMask = 2147483647;
			files = (
				32C9A644287F45EC009EB7CA /* contents.swift in Sources */,
				32C9A625287F40FF009EB7CA /* ContentView.swift in Sources */,
				32C9A623287F40FF009EB7CA /* Karate.swift in Sources */,
				327C9FA4287F900F00C4E45A /* contents.swift in Sources */,
			);
			runOnlyForDeploymentPostprocessing = 0;
		};
		32C9A61C287F40FF009EB7CA /* Sources */ = {
			isa = PBXSourcesBuildPhase;
			buildActionMask = 2147483647;
			files = (
				32C9A626287F40FF009EB7CA /* ContentView.swift in Sources */,
				32C9A624287F40FF009EB7CA /* Karate.swift in Sources */,
			);
			runOnlyForDeploymentPostprocessing = 0;
		};
/* End PBXSourcesBuildPhase section */

/* Begin XCBuildConfiguration section */
		32C9A629287F40FF009EB7CA /* Debug */ = {
			isa = XCBuildConfiguration;
			buildSettings = {
				ALWAYS_SEARCH_USER_PATHS = NO;
				CLANG_ANALYZER_NONNULL = YES;
				CLANG_ANALYZER_NUMBER_OBJECT_CONVERSION = YES_AGGRESSIVE;
				CLANG_CXX_LANGUAGE_STANDARD = "gnu++17";
				CLANG_ENABLE_MODULES = YES;
				CLANG_ENABLE_OBJC_ARC = YES;
				CLANG_ENABLE_OBJC_WEAK = YES;
				CLANG_WARN_BLOCK_CAPTURE_AUTORELEASING = YES;
				CLANG_WARN_BOOL_CONVERSION = YES;
				CLANG_WARN_COMMA = YES;
				CLANG_WARN_CONSTANT_CONVERSION = YES;
				CLANG_WARN_DEPRECATED_OBJC_IMPLEMENTATIONS = YES;
				CLANG_WARN_DIRECT_OBJC_ISA_USAGE = YES_ERROR;
				CLANG_WARN_DOCUMENTATION_COMMENTS = YES;
				CLANG_WARN_EMPTY_BODY = YES;
				CLANG_WARN_ENUM_CONVERSION = YES;
				CLANG_WARN_INFINITE_RECURSION = YES;
				CLANG_WARN_INT_CONVERSION = YES;
				CLANG_WARN_NON_LITERAL_NULL_CONVERSION = YES;
				CLANG_WARN_OBJC_IMPLICIT_RETAIN_SELF = YES;
				CLANG_WARN_OBJC_LITERAL_CONVERSION = YES;
				CLANG_WARN_OBJC_ROOT_CLASS = YES_ERROR;
				CLANG_WARN_QUOTED_INCLUDE_IN_FRAMEWORK_HEADER = YES;
				CLANG_WARN_RANGE_LOOP_ANALYSIS = YES;
				CLANG_WARN_STRICT_PROTOTYPES = YES;
				CLANG_WARN_SUSPICIOUS_MOVE = YES;
				CLANG_WARN_UNGUARDED_AVAILABILITY = YES_AGGRESSIVE;
				CLANG_WARN_UNREACHABLE_CODE = YES;
				CLANG_WARN__DUPLICATE_METHOD_MATCH = YES;
				COPY_PHASE_STRIP = NO;
				DEBUG_INFORMATION_FORMAT = dwarf;
				ENABLE_STRICT_OBJC_MSGSEND = YES;
				ENABLE_TESTABILITY = YES;
				GCC_C_LANGUAGE_STANDARD = gnu11;
				GCC_DYNAMIC_NO_PIC = NO;
				GCC_NO_COMMON_BLOCKS = YES;
				GCC_OPTIMIZATION_LEVEL = 0;
				GCC_PREPROCESSOR_DEFINITIONS = (
					"DEBUG=1",
					"$(inherited)",
				);
				GCC_WARN_64_TO_32_BIT_CONVERSION = YES;
				GCC_WARN_ABOUT_RETURN_TYPE = YES_ERROR;
				GCC_WARN_UNDECLARED_SELECTOR = YES;
				GCC_WARN_UNINITIALIZED_AUTOS = YES_AGGRESSIVE;
				GCC_WARN_UNUSED_FUNCTION = YES;
				GCC_WARN_UNUSED_VARIABLE = YES;
				MTL_ENABLE_DEBUG_INFO = INCLUDE_SOURCE;
				MTL_FAST_MATH = YES;
				ONLY_ACTIVE_ARCH = YES;
				SWIFT_ACTIVE_COMPILATION_CONDITIONS = DEBUG;
				SWIFT_OPTIMIZATION_LEVEL = "-Onone";
			};
			name = Debug;
		};
		32C9A62A287F40FF009EB7CA /* Release */ = {
			isa = XCBuildConfiguration;
			buildSettings = {
				ALWAYS_SEARCH_USER_PATHS = NO;
				CLANG_ANALYZER_NONNULL = YES;
				CLANG_ANALYZER_NUMBER_OBJECT_CONVERSION = YES_AGGRESSIVE;
				CLANG_CXX_LANGUAGE_STANDARD = "gnu++17";
				CLANG_ENABLE_MODULES = YES;
				CLANG_ENABLE_OBJC_ARC = YES;
				CLANG_ENABLE_OBJC_WEAK = YES;
				CLANG_WARN_BLOCK_CAPTURE_AUTORELEASING = YES;
				CLANG_WARN_BOOL_CONVERSION = YES;
				CLANG_WARN_COMMA = YES;
				CLANG_WARN_CONSTANT_CONVERSION = YES;
				CLANG_WARN_DEPRECATED_OBJC_IMPLEMENTATIONS = YES;
				CLANG_WARN_DIRECT_OBJC_ISA_USAGE = YES_ERROR;
				CLANG_WARN_DOCUMENTATION_COMMENTS = YES;
				CLANG_WARN_EMPTY_BODY = YES;
				CLANG_WARN_ENUM_CONVERSION = YES;
				CLANG_WARN_INFINITE_RECURSION = YES;
				CLANG_WARN_INT_CONVERSION = YES;
				CLANG_WARN_NON_LITERAL_NULL_CONVERSION = YES;
				CLANG_WARN_OBJC_IMPLICIT_RETAIN_SELF = YES;
				CLANG_WARN_OBJC_LITERAL_CONVERSION = YES;
				CLANG_WARN_OBJC_ROOT_CLASS = YES_ERROR;
				CLANG_WARN_QUOTED_INCLUDE_IN_FRAMEWORK_HEADER = YES;
				CLANG_WARN_RANGE_LOOP_ANALYSIS = YES;
				CLANG_WARN_STRICT_PROTOTYPES = YES;
				CLANG_WARN_SUSPICIOUS_MOVE = YES;
				CLANG_WARN_UNGUARDED_AVAILABILITY = YES_AGGRESSIVE;
				CLANG_WARN_UNREACHABLE_CODE = YES;
				CLANG_WARN__DUPLICATE_METHOD_MATCH = YES;
				COPY_PHASE_STRIP = NO;
				DEBUG_INFORMATION_FORMAT = "dwarf-with-dsym";
				ENABLE_NS_ASSERTIONS = NO;
				ENABLE_STRICT_OBJC_MSGSEND = YES;
				GCC_C_LANGUAGE_STANDARD = gnu11;
				GCC_NO_COMMON_BLOCKS = YES;
				GCC_WARN_64_TO_32_BIT_CONVERSION = YES;
				GCC_WARN_ABOUT_RETURN_TYPE = YES_ERROR;
				GCC_WARN_UNDECLARED_SELECTOR = YES;
				GCC_WARN_UNINITIALIZED_AUTOS = YES_AGGRESSIVE;
				GCC_WARN_UNUSED_FUNCTION = YES;
				GCC_WARN_UNUSED_VARIABLE = YES;
				MTL_ENABLE_DEBUG_INFO = NO;
				MTL_FAST_MATH = YES;
				SWIFT_COMPILATION_MODE = wholemodule;
				SWIFT_OPTIMIZATION_LEVEL = "-O";
			};
			name = Release;
		};
		32C9A62C287F40FF009EB7CA /* Debug */ = {
			isa = XCBuildConfiguration;
			buildSettings = {
				ASSETCATALOG_COMPILER_APPICON_NAME = AppIcon;
				ASSETCATALOG_COMPILER_GLOBAL_ACCENT_COLOR_NAME = AccentColor;
				CODE_SIGN_STYLE = Automatic;
				CURRENT_PROJECT_VERSION = 1;
				DEVELOPMENT_TEAM = 8PS52ALX4P;
				ENABLE_PREVIEWS = YES;
				GENERATE_INFOPLIST_FILE = YES;
				INFOPLIST_KEY_UIApplicationSceneManifest_Generation = YES;
				INFOPLIST_KEY_UIApplicationSupportsIndirectInputEvents = YES;
				INFOPLIST_KEY_UILaunchScreen_Generation = YES;
				INFOPLIST_KEY_UISupportedInterfaceOrientations_iPad = "UIInterfaceOrientationPortrait UIInterfaceOrientationPortraitUpsideDown UIInterfaceOrientationLandscapeLeft UIInterfaceOrientationLandscapeRight";
				INFOPLIST_KEY_UISupportedInterfaceOrientations_iPhone = "UIInterfaceOrientationPortrait UIInterfaceOrientationLandscapeLeft UIInterfaceOrientationLandscapeRight";
				IPHONEOS_DEPLOYMENT_TARGET = 15.5;
				LD_RUNPATH_SEARCH_PATHS = (
					"$(inherited)",
					"@executable_path/Frameworks",
				);
				MARKETING_VERSION = 1.0;
				PRODUCT_BUNDLE_IDENTIFIER = Karate;
				PRODUCT_NAME = Karate;
				SDKROOT = iphoneos;
				SWIFT_EMIT_LOC_STRINGS = YES;
				SWIFT_VERSION = 5.0;
				TARGETED_DEVICE_FAMILY = "1,2";
			};
			name = Debug;
		};
		32C9A62D287F40FF009EB7CA /* Release */ = {
			isa = XCBuildConfiguration;
			buildSettings = {
				ASSETCATALOG_COMPILER_APPICON_NAME = AppIcon;
				ASSETCATALOG_COMPILER_GLOBAL_ACCENT_COLOR_NAME = AccentColor;
				CODE_SIGN_STYLE = Automatic;
				CURRENT_PROJECT_VERSION = 1;
				DEVELOPMENT_TEAM = 8PS52ALX4P;
				ENABLE_PREVIEWS = YES;
				GENERATE_INFOPLIST_FILE = YES;
				INFOPLIST_KEY_UIApplicationSceneManifest_Generation = YES;
				INFOPLIST_KEY_UIApplicationSupportsIndirectInputEvents = YES;
				INFOPLIST_KEY_UILaunchScreen_Generation = YES;
				INFOPLIST_KEY_UISupportedInterfaceOrientations_iPad = "UIInterfaceOrientationPortrait UIInterfaceOrientationPortraitUpsideDown UIInterfaceOrientationLandscapeLeft UIInterfaceOrientationLandscapeRight";
				INFOPLIST_KEY_UISupportedInterfaceOrientations_iPhone = "UIInterfaceOrientationPortrait UIInterfaceOrientationLandscapeLeft UIInterfaceOrientationLandscapeRight";
				IPHONEOS_DEPLOYMENT_TARGET = 15.5;
				LD_RUNPATH_SEARCH_PATHS = (
					"$(inherited)",
					"@executable_path/Frameworks",
				);
				MARKETING_VERSION = 1.0;
				PRODUCT_BUNDLE_IDENTIFIER = Karate;
				PRODUCT_NAME = Karate;
				SDKROOT = iphoneos;
				SWIFT_EMIT_LOC_STRINGS = YES;
				SWIFT_VERSION = 5.0;
				TARGETED_DEVICE_FAMILY = "1,2";
				VALIDATE_PRODUCT = YES;
			};
			name = Release;
		};
		32C9A62F287F40FF009EB7CA /* Debug */ = {
			isa = XCBuildConfiguration;
			buildSettings = {
				ASSETCATALOG_COMPILER_APPICON_NAME = AppIcon;
				ASSETCATALOG_COMPILER_GLOBAL_ACCENT_COLOR_NAME = AccentColor;
				CODE_SIGN_ENTITLEMENTS = macOS/macOS.entitlements;
				CODE_SIGN_STYLE = Automatic;
				COMBINE_HIDPI_IMAGES = YES;
				CURRENT_PROJECT_VERSION = 1;
				DEVELOPMENT_TEAM = 8PS52ALX4P;
				ENABLE_HARDENED_RUNTIME = YES;
				ENABLE_PREVIEWS = YES;
				GENERATE_INFOPLIST_FILE = YES;
				INFOPLIST_KEY_NSHumanReadableCopyright = "";
				LD_RUNPATH_SEARCH_PATHS = (
					"$(inherited)",
					"@executable_path/../Frameworks",
				);
				MACOSX_DEPLOYMENT_TARGET = 12.3;
				MARKETING_VERSION = 1.0;
				PRODUCT_BUNDLE_IDENTIFIER = "-.Algorithms---Data-Structures";
				PRODUCT_NAME = Karate;
				SDKROOT = macosx;
				SWIFT_EMIT_LOC_STRINGS = YES;
				SWIFT_VERSION = 5.0;
			};
			name = Debug;
		};
		32C9A630287F40FF009EB7CA /* Release */ = {
			isa = XCBuildConfiguration;
			buildSettings = {
				ASSETCATALOG_COMPILER_APPICON_NAME = AppIcon;
				ASSETCATALOG_COMPILER_GLOBAL_ACCENT_COLOR_NAME = AccentColor;
				CODE_SIGN_ENTITLEMENTS = macOS/macOS.entitlements;
				CODE_SIGN_STYLE = Automatic;
				COMBINE_HIDPI_IMAGES = YES;
				CURRENT_PROJECT_VERSION = 1;
				DEVELOPMENT_TEAM = 8PS52ALX4P;
				ENABLE_HARDENED_RUNTIME = YES;
				ENABLE_PREVIEWS = YES;
				GENERATE_INFOPLIST_FILE = YES;
				INFOPLIST_KEY_NSHumanReadableCopyright = "";
				LD_RUNPATH_SEARCH_PATHS = (
					"$(inherited)",
					"@executable_path/../Frameworks",
				);
				MACOSX_DEPLOYMENT_TARGET = 12.3;
				MARKETING_VERSION = 1.0;
				PRODUCT_BUNDLE_IDENTIFIER = "-.Algorithms---Data-Structures";
				PRODUCT_NAME = Karate;
				SDKROOT = macosx;
				SWIFT_EMIT_LOC_STRINGS = YES;
				SWIFT_VERSION = 5.0;
			};
			name = Release;
		};
/* End XCBuildConfiguration section */

/* Begin XCConfigurationList section */
		32C9A611287F40FD009EB7CA /* Build configuration list for PBXProject "Karate" */ = {
			isa = XCConfigurationList;
			buildConfigurations = (
				32C9A629287F40FF009EB7CA /* Debug */,
				32C9A62A287F40FF009EB7CA /* Release */,
			);
			defaultConfigurationIsVisible = 0;
			defaultConfigurationName = Release;
		};
		32C9A62B287F40FF009EB7CA /* Build configuration list for PBXNativeTarget "Karate (iOS)" */ = {
			isa = XCConfigurationList;
			buildConfigurations = (
				32C9A62C287F40FF009EB7CA /* Debug */,
				32C9A62D287F40FF009EB7CA /* Release */,
			);
			defaultConfigurationIsVisible = 0;
			defaultConfigurationName = Release;
		};
		32C9A62E287F40FF009EB7CA /* Build configuration list for PBXNativeTarget "Karate (macOS)" */ = {
			isa = XCConfigurationList;
			buildConfigurations = (
				32C9A62F287F40FF009EB7CA /* Debug */,
				32C9A630287F40FF009EB7CA /* Release */,
			);
			defaultConfigurationIsVisible = 0;
			defaultConfigurationName = Release;
		};
/* End XCConfigurationList section */
	};
	rootObject = 32C9A60E287F40FD009EB7CA /* Project object */;
}
