// !$*UTF8*$!
{
	archiveVersion = 1;
	classes = {
	};
	objectVersion = 55;
	objects = {

/* Begin PBXBuildFile section */
		32C9A623287F40FF009EB7CA /* Algorithms___Data_StructuresApp.swift in Sources */ = {isa = PBXBuildFile; fileRef = 32C9A613287F40FD009EB7CA /* Algorithms___Data_StructuresApp.swift */; };
		32C9A624287F40FF009EB7CA /* Algorithms___Data_StructuresApp.swift in Sources */ = {isa = PBXBuildFile; fileRef = 32C9A613287F40FD009EB7CA /* Algorithms___Data_StructuresApp.swift */; };
		32C9A625287F40FF009EB7CA /* ContentView.swift in Sources */ = {isa = PBXBuildFile; fileRef = 32C9A614287F40FD009EB7CA /* ContentView.swift */; };
		32C9A626287F40FF009EB7CA /* ContentView.swift in Sources */ = {isa = PBXBuildFile; fileRef = 32C9A614287F40FD009EB7CA /* ContentView.swift */; };
		32C9A627287F40FF009EB7CA /* Assets.xcassets in Resources */ = {isa = PBXBuildFile; fileRef = 32C9A615287F40FF009EB7CA /* Assets.xcassets */; };
		32C9A628287F40FF009EB7CA /* Assets.xcassets in Resources */ = {isa = PBXBuildFile; fileRef = 32C9A615287F40FF009EB7CA /* Assets.xcassets */; };
/* End PBXBuildFile section */

/* Begin PBXFileReference section */
		32C9A613287F40FD009EB7CA /* Algorithms___Data_StructuresApp.swift */ = {isa = PBXFileReference; lastKnownFileType = sourcecode.swift; path = "Algorithms___Data_StructuresApp.swift"; sourceTree = "<group>"; };
		32C9A614287F40FD009EB7CA /* ContentView.swift */ = {isa = PBXFileReference; lastKnownFileType = sourcecode.swift; path = ContentView.swift; sourceTree = "<group>"; };
		32C9A615287F40FF009EB7CA /* Assets.xcassets */ = {isa = PBXFileReference; lastKnownFileType = folder.assetcatalog; path = Assets.xcassets; sourceTree = "<group>"; };
		32C9A61A287F40FF009EB7CA /* Algorithms & Data Structures.app */ = {isa = PBXFileReference; explicitFileType = wrapper.application; includeInIndex = 0; path = "Algorithms & Data Structures.app"; sourceTree = BUILT_PRODUCTS_DIR; };
		32C9A620287F40FF009EB7CA /* Algorithms & Data Structures.app */ = {isa = PBXFileReference; explicitFileType = wrapper.application; includeInIndex = 0; path = "Algorithms & Data Structures.app"; sourceTree = BUILT_PRODUCTS_DIR; };
		32C9A622287F40FF009EB7CA /* macOS.entitlements */ = {isa = PBXFileReference; lastKnownFileType = text.plist.entitlements; path = macOS.entitlements; sourceTree = "<group>"; };
/* End PBXFileReference section */

/* Begin PBXFrameworksBuildPhase section */
		32C9A617287F40FF009EB7CA /* Frameworks */ = {
			isa = PBXFrameworksBuildPhase;
			buildActionMask = 2147483647;
			files = (
			);
			runOnlyForDeploymentPostprocessing = 0;
		};
		32C9A61D287F40FF009EB7CA /* Frameworks */ = {
			isa = PBXFrameworksBuildPhase;
			buildActionMask = 2147483647;
			files = (
			);
			runOnlyForDeploymentPostprocessing = 0;
		};
/* End PBXFrameworksBuildPhase section */

/* Begin PBXGroup section */
		32C9A60D287F40FD009EB7CA = {
			isa = PBXGroup;
			children = (
				32C9A612287F40FD009EB7CA /* Shared */,
				32C9A621287F40FF009EB7CA /* macOS */,
				32C9A61B287F40FF009EB7CA /* Products */,
			);
			sourceTree = "<group>";
		};
		32C9A612287F40FD009EB7CA /* Shared */ = {
			isa = PBXGroup;
			children = (
				32C9A613287F40FD009EB7CA /* Algorithms___Data_StructuresApp.swift */,
				32C9A614287F40FD009EB7CA /* ContentView.swift */,
				32C9A615287F40FF009EB7CA /* Assets.xcassets */,
			);
			path = Shared;
			sourceTree = "<group>";
		};
		32C9A61B287F40FF009EB7CA /* Products */ = {
			isa = PBXGroup;
			children = (
				32C9A61A287F40FF009EB7CA /* Algorithms & Data Structures.app */,
				32C9A620287F40FF009EB7CA /* Algorithms & Data Structures.app */,
			);
			name = Products;
			sourceTree = "<group>";
		};
		32C9A621287F40FF009EB7CA /* macOS */ = {
			isa = PBXGroup;
			children = (
				32C9A622287F40FF009EB7CA /* macOS.entitlements */,
			);
			path = macOS;
			sourceTree = "<group>";
		};
/* End PBXGroup section */

/* Begin PBXNativeTarget section */
		32C9A619287F40FF009EB7CA /* Algorithms & Data Structures (iOS) */ = {
			isa = PBXNativeTarget;
			buildConfigurationList = 32C9A62B287F40FF009EB7CA /* Build configuration list for PBXNativeTarget "Algorithms & Data Structures (iOS)" */;
			buildPhases = (
				32C9A616287F40FF009EB7CA /* Sources */,
				32C9A617287F40FF009EB7CA /* Frameworks */,
				32C9A618287F40FF009EB7CA /* Resources */,
			);
			buildRules = (
			);
			dependencies = (
			);
			name = "Algorithms & Data Structures (iOS)";
			productName = "Algorithms & Data Structures (iOS)";
			productReference = 32C9A61A287F40FF009EB7CA /* Algorithms & Data Structures.app */;
			productType = "com.apple.product-type.application";
		};
		32C9A61F287F40FF009EB7CA /* Algorithms & Data Structures (macOS) */ = {
			isa = PBXNativeTarget;
			buildConfigurationList = 32C9A62E287F40FF009EB7CA /* Build configuration list for PBXNativeTarget "Algorithms & Data Structures (macOS)" */;
			buildPhases = (
				32C9A61C287F40FF009EB7CA /* Sources */,
				32C9A61D287F40FF009EB7CA /* Frameworks */,
				32C9A61E287F40FF009EB7CA /* Resources */,
			);
			buildRules = (
			);
			dependencies = (
			);
			name = "Algorithms & Data Structures (macOS)";
			productName = "Algorithms & Data Structures (macOS)";
			productReference = 32C9A620287F40FF009EB7CA /* Algorithms & Data Structures.app */;
			productType = "com.apple.product-type.application";
		};
/* End PBXNativeTarget section */

/* Begin PBXProject section */
		32C9A60E287F40FD009EB7CA /* Project object */ = {
			isa = PBXProject;
			attributes = {
				BuildIndependentTargetsInParallel = 1;
				LastSwiftUpdateCheck = 1340;
				LastUpgradeCheck = 1340;
				TargetAttributes = {
					32C9A619287F40FF009EB7CA = {
						CreatedOnToolsVersion = 13.4;
					};
					32C9A61F287F40FF009EB7CA = {
						CreatedOnToolsVersion = 13.4;
					};
				};
			};
			buildConfigurationList = 32C9A611287F40FD009EB7CA /* Build configuration list for PBXProject "Algorithms & Data Structures" */;
			compatibilityVersion = "Xcode 13.0";
			developmentRegion = en;
			hasScannedForEncodings = 0;
			knownRegions = (
				en,
				Base,
			);
			mainGroup = 32C9A60D287F40FD009EB7CA;
			productRefGroup = 32C9A61B287F40FF009EB7CA /* Products */;
			projectDirPath = "";
			projectRoot = "";
			targets = (
				32C9A619287F40FF009EB7CA /* Algorithms & Data Structures (iOS) */,
				32C9A61F287F40FF009EB7CA /* Algorithms & Data Structures (macOS) */,
			);
		};
/* End PBXProject section */

/* Begin PBXResourcesBuildPhase section */
		32C9A618287F40FF009EB7CA /* Resources */ = {
			isa = PBXResourcesBuildPhase;
			buildActionMask = 2147483647;
			files = (
				32C9A627287F40FF009EB7CA /* Assets.xcassets in Resources */,
			);
			runOnlyForDeploymentPostprocessing = 0;
		};
		32C9A61E287F40FF009EB7CA /* Resources */ = {
			isa = PBXResourcesBuildPhase;
			buildActionMask = 2147483647;
			files = (
				32C9A628287F40FF009EB7CA /* Assets.xcassets in Resources */,
			);
			runOnlyForDeploymentPostprocessing = 0;
		};
/* End PBXResourcesBuildPhase section */

/* Begin PBXSourcesBuildPhase section */
		32C9A616287F40FF009EB7CA /* Sources */ = {
			isa = PBXSourcesBuildPhase;
			buildActionMask = 2147483647;
			files = (
				32C9A625287F40FF009EB7CA /* ContentView.swift in Sources */,
				32C9A623287F40FF009EB7CA /* Algorithms___Data_StructuresApp.swift in Sources */,
			);
			runOnlyForDeploymentPostprocessing = 0;
		};
		32C9A61C287F40FF009EB7CA /* Sources */ = {
			isa = PBXSourcesBuildPhase;
			buildActionMask = 2147483647;
			files = (
				32C9A626287F40FF009EB7CA /* ContentView.swift in Sources */,
				32C9A624287F40FF009EB7CA /* Algorithms___Data_StructuresApp.swift in Sources */,
			);
			runOnlyForDeploymentPostprocessing = 0;
		};
/* End PBXSourcesBuildPhase section */

/* Begin XCBuildConfiguration section */
		32C9A629287F40FF009EB7CA /* Debug */ = {
			isa = XCBuildConfiguration;
			buildSettings = {
				ALWAYS_SEARCH_USER_PATHS = NO;
				CLANG_ANALYZER_NONNULL = YES;
				CLANG_ANALYZER_NUMBER_OBJECT_CONVERSION = YES_AGGRESSIVE;
				CLANG_CXX_LANGUAGE_STANDARD = "gnu++17";
				CLANG_ENABLE_MODULES = YES;
				CLANG_ENABLE_OBJC_ARC = YES;
				CLANG_ENABLE_OBJC_WEAK = YES;
				CLANG_WARN_BLOCK_CAPTURE_AUTORELEASING = YES;
				CLANG_WARN_BOOL_CONVERSION = YES;
				CLANG_WARN_COMMA = YES;
				CLANG_WARN_CONSTANT_CONVERSION = YES;
				CLANG_WARN_DEPRECATED_OBJC_IMPLEMENTATIONS = YES;
				CLANG_WARN_DIRECT_OBJC_ISA_USAGE = YES_ERROR;
				CLANG_WARN_DOCUMENTATION_COMMENTS = YES;
				CLANG_WARN_EMPTY_BODY = YES;
				CLANG_WARN_ENUM_CONVERSION = YES;
				CLANG_WARN_INFINITE_RECURSION = YES;
				CLANG_WARN_INT_CONVERSION = YES;
				CLANG_WARN_NON_LITERAL_NULL_CONVERSION = YES;
				CLANG_WARN_OBJC_IMPLICIT_RETAIN_SELF = YES;
				CLANG_WARN_OBJC_LITERAL_CONVERSION = YES;
				CLANG_WARN_OBJC_ROOT_CLASS = YES_ERROR;
				CLANG_WARN_QUOTED_INCLUDE_IN_FRAMEWORK_HEADER = YES;
				CLANG_WARN_RANGE_LOOP_ANALYSIS = YES;
				CLANG_WARN_STRICT_PROTOTYPES = YES;
				CLANG_WARN_SUSPICIOUS_MOVE = YES;
				CLANG_WARN_UNGUARDED_AVAILABILITY = YES_AGGRESSIVE;
				CLANG_WARN_UNREACHABLE_CODE = YES;
				CLANG_WARN__DUPLICATE_METHOD_MATCH = YES;
				COPY_PHASE_STRIP = NO;
				DEBUG_INFORMATION_FORMAT = dwarf;
				ENABLE_STRICT_OBJC_MSGSEND = YES;
				ENABLE_TESTABILITY = YES;
				GCC_C_LANGUAGE_STANDARD = gnu11;
				GCC_DYNAMIC_NO_PIC = NO;
				GCC_NO_COMMON_BLOCKS = YES;
				GCC_OPTIMIZATION_LEVEL = 0;
				GCC_PREPROCESSOR_DEFINITIONS = (
					"DEBUG=1",
					"$(inherited)",
				);
				GCC_WARN_64_TO_32_BIT_CONVERSION = YES;
				GCC_WARN_ABOUT_RETURN_TYPE = YES_ERROR;
				GCC_WARN_UNDECLARED_SELECTOR = YES;
				GCC_WARN_UNINITIALIZED_AUTOS = YES_AGGRESSIVE;
				GCC_WARN_UNUSED_FUNCTION = YES;
				GCC_WARN_UNUSED_VARIABLE = YES;
				MTL_ENABLE_DEBUG_INFO = INCLUDE_SOURCE;
				MTL_FAST_MATH = YES;
				ONLY_ACTIVE_ARCH = YES;
				SWIFT_ACTIVE_COMPILATION_CONDITIONS = DEBUG;
				SWIFT_OPTIMIZATION_LEVEL = "-Onone";
			};
			name = Debug;
		};
		32C9A62A287F40FF009EB7CA /* Release */ = {
			isa = XCBuildConfiguration;
			buildSettings = {
				ALWAYS_SEARCH_USER_PATHS = NO;
				CLANG_ANALYZER_NONNULL = YES;
				CLANG_ANALYZER_NUMBER_OBJECT_CONVERSION = YES_AGGRESSIVE;
				CLANG_CXX_LANGUAGE_STANDARD = "gnu++17";
				CLANG_ENABLE_MODULES = YES;
				CLANG_ENABLE_OBJC_ARC = YES;
				CLANG_ENABLE_OBJC_WEAK = YES;
				CLANG_WARN_BLOCK_CAPTURE_AUTORELEASING = YES;
				CLANG_WARN_BOOL_CONVERSION = YES;
				CLANG_WARN_COMMA = YES;
				CLANG_WARN_CONSTANT_CONVERSION = YES;
				CLANG_WARN_DEPRECATED_OBJC_IMPLEMENTATIONS = YES;
				CLANG_WARN_DIRECT_OBJC_ISA_USAGE = YES_ERROR;
				CLANG_WARN_DOCUMENTATION_COMMENTS = YES;
				CLANG_WARN_EMPTY_BODY = YES;
				CLANG_WARN_ENUM_CONVERSION = YES;
				CLANG_WARN_INFINITE_RECURSION = YES;
				CLANG_WARN_INT_CONVERSION = YES;
				CLANG_WARN_NON_LITERAL_NULL_CONVERSION = YES;
				CLANG_WARN_OBJC_IMPLICIT_RETAIN_SELF = YES;
				CLANG_WARN_OBJC_LITERAL_CONVERSION = YES;
				CLANG_WARN_OBJC_ROOT_CLASS = YES_ERROR;
				CLANG_WARN_QUOTED_INCLUDE_IN_FRAMEWORK_HEADER = YES;
				CLANG_WARN_RANGE_LOOP_ANALYSIS = YES;
				CLANG_WARN_STRICT_PROTOTYPES = YES;
				CLANG_WARN_SUSPICIOUS_MOVE = YES;
				CLANG_WARN_UNGUARDED_AVAILABILITY = YES_AGGRESSIVE;
				CLANG_WARN_UNREACHABLE_CODE = YES;
				CLANG_WARN__DUPLICATE_METHOD_MATCH = YES;
				COPY_PHASE_STRIP = NO;
				DEBUG_INFORMATION_FORMAT = "dwarf-with-dsym";
				ENABLE_NS_ASSERTIONS = NO;
				ENABLE_STRICT_OBJC_MSGSEND = YES;
				GCC_C_LANGUAGE_STANDARD = gnu11;
				GCC_NO_COMMON_BLOCKS = YES;
				GCC_WARN_64_TO_32_BIT_CONVERSION = YES;
				GCC_WARN_ABOUT_RETURN_TYPE = YES_ERROR;
				GCC_WARN_UNDECLARED_SELECTOR = YES;
				GCC_WARN_UNINITIALIZED_AUTOS = YES_AGGRESSIVE;
				GCC_WARN_UNUSED_FUNCTION = YES;
				GCC_WARN_UNUSED_VARIABLE = YES;
				MTL_ENABLE_DEBUG_INFO = NO;
				MTL_FAST_MATH = YES;
				SWIFT_COMPILATION_MODE = wholemodule;
				SWIFT_OPTIMIZATION_LEVEL = "-O";
			};
			name = Release;
		};
		32C9A62C287F40FF009EB7CA /* Debug */ = {
			isa = XCBuildConfiguration;
			buildSettings = {
				ASSETCATALOG_COMPILER_APPICON_NAME = AppIcon;
				ASSETCATALOG_COMPILER_GLOBAL_ACCENT_COLOR_NAME = AccentColor;
				CODE_SIGN_STYLE = Automatic;
				CURRENT_PROJECT_VERSION = 1;
				DEVELOPMENT_TEAM = 8PS52ALX4P;
				ENABLE_PREVIEWS = YES;
				GENERATE_INFOPLIST_FILE = YES;
				INFOPLIST_KEY_UIApplicationSceneManifest_Generation = YES;
				INFOPLIST_KEY_UIApplicationSupportsIndirectInputEvents = YES;
				INFOPLIST_KEY_UILaunchScreen_Generation = YES;
				INFOPLIST_KEY_UISupportedInterfaceOrientations_iPad = "UIInterfaceOrientationPortrait UIInterfaceOrientationPortraitUpsideDown UIInterfaceOrientationLandscapeLeft UIInterfaceOrientationLandscapeRight";
				INFOPLIST_KEY_UISupportedInterfaceOrientations_iPhone = "UIInterfaceOrientationPortrait UIInterfaceOrientationLandscapeLeft UIInterfaceOrientationLandscapeRight";
				IPHONEOS_DEPLOYMENT_TARGET = 15.5;
				LD_RUNPATH_SEARCH_PATHS = (
					"$(inherited)",
					"@executable_path/Frameworks",
				);
				MARKETING_VERSION = 1.0;
				PRODUCT_BUNDLE_IDENTIFIER = "-.Algorithms---Data-Structures";
				PRODUCT_NAME = "Algorithms & Data Structures";
				SDKROOT = iphoneos;
				SWIFT_EMIT_LOC_STRINGS = YES;
				SWIFT_VERSION = 5.0;
				TARGETED_DEVICE_FAMILY = "1,2";
			};
			name = Debug;
		};
		32C9A62D287F40FF009EB7CA /* Release */ = {
			isa = XCBuildConfiguration;
			buildSettings = {
				ASSETCATALOG_COMPILER_APPICON_NAME = AppIcon;
				ASSETCATALOG_COMPILER_GLOBAL_ACCENT_COLOR_NAME = AccentColor;
				CODE_SIGN_STYLE = Automatic;
				CURRENT_PROJECT_VERSION = 1;
				DEVELOPMENT_TEAM = 8PS52ALX4P;
				ENABLE_PREVIEWS = YES;
				GENERATE_INFOPLIST_FILE = YES;
				INFOPLIST_KEY_UIApplicationSceneManifest_Generation = YES;
				INFOPLIST_KEY_UIApplicationSupportsIndirectInputEvents = YES;
				INFOPLIST_KEY_UILaunchScreen_Generation = YES;
				INFOPLIST_KEY_UISupportedInterfaceOrientations_iPad = "UIInterfaceOrientationPortrait UIInterfaceOrientationPortraitUpsideDown UIInterfaceOrientationLandscapeLeft UIInterfaceOrientationLandscapeRight";
				INFOPLIST_KEY_UISupportedInterfaceOrientations_iPhone = "UIInterfaceOrientationPortrait UIInterfaceOrientationLandscapeLeft UIInterfaceOrientationLandscapeRight";
				IPHONEOS_DEPLOYMENT_TARGET = 15.5;
				LD_RUNPATH_SEARCH_PATHS = (
					"$(inherited)",
					"@executable_path/Frameworks",
				);
				MARKETING_VERSION = 1.0;
				PRODUCT_BUNDLE_IDENTIFIER = "-.Algorithms---Data-Structures";
				PRODUCT_NAME = "Algorithms & Data Structures";
				SDKROOT = iphoneos;
				SWIFT_EMIT_LOC_STRINGS = YES;
				SWIFT_VERSION = 5.0;
				TARGETED_DEVICE_FAMILY = "1,2";
				VALIDATE_PRODUCT = YES;
			};
			name = Release;
		};
		32C9A62F287F40FF009EB7CA /* Debug */ = {
			isa = XCBuildConfiguration;
			buildSettings = {
				ASSETCATALOG_COMPILER_APPICON_NAME = AppIcon;
				ASSETCATALOG_COMPILER_GLOBAL_ACCENT_COLOR_NAME = AccentColor;
				CODE_SIGN_ENTITLEMENTS = macOS/macOS.entitlements;
				CODE_SIGN_STYLE = Automatic;
				COMBINE_HIDPI_IMAGES = YES;
				CURRENT_PROJECT_VERSION = 1;
				DEVELOPMENT_TEAM = 8PS52ALX4P;
				ENABLE_HARDENED_RUNTIME = YES;
				ENABLE_PREVIEWS = YES;
				GENERATE_INFOPLIST_FILE = YES;
				INFOPLIST_KEY_NSHumanReadableCopyright = "";
				LD_RUNPATH_SEARCH_PATHS = (
					"$(inherited)",
					"@executable_path/../Frameworks",
				);
				MACOSX_DEPLOYMENT_TARGET = 12.3;
				MARKETING_VERSION = 1.0;
				PRODUCT_BUNDLE_IDENTIFIER = "-.Algorithms---Data-Structures";
				PRODUCT_NAME = "Algorithms & Data Structures";
				SDKROOT = macosx;
				SWIFT_EMIT_LOC_STRINGS = YES;
				SWIFT_VERSION = 5.0;
			};
			name = Debug;
		};
		32C9A630287F40FF009EB7CA /* Release */ = {
			isa = XCBuildConfiguration;
			buildSettings = {
				ASSETCATALOG_COMPILER_APPICON_NAME = AppIcon;
				ASSETCATALOG_COMPILER_GLOBAL_ACCENT_COLOR_NAME = AccentColor;
				CODE_SIGN_ENTITLEMENTS = macOS/macOS.entitlements;
				CODE_SIGN_STYLE = Automatic;
				COMBINE_HIDPI_IMAGES = YES;
				CURRENT_PROJECT_VERSION = 1;
				DEVELOPMENT_TEAM = 8PS52ALX4P;
				ENABLE_HARDENED_RUNTIME = YES;
				ENABLE_PREVIEWS = YES;
				GENERATE_INFOPLIST_FILE = YES;
				INFOPLIST_KEY_NSHumanReadableCopyright = "";
				LD_RUNPATH_SEARCH_PATHS = (
					"$(inherited)",
					"@executable_path/../Frameworks",
				);
				MACOSX_DEPLOYMENT_TARGET = 12.3;
				MARKETING_VERSION = 1.0;
				PRODUCT_BUNDLE_IDENTIFIER = "-.Algorithms---Data-Structures";
				PRODUCT_NAME = "Algorithms & Data Structures";
				SDKROOT = macosx;
				SWIFT_EMIT_LOC_STRINGS = YES;
				SWIFT_VERSION = 5.0;
			};
			name = Release;
		};
/* End XCBuildConfiguration section */

/* Begin XCConfigurationList section */
		32C9A611287F40FD009EB7CA /* Build configuration list for PBXProject "Algorithms & Data Structures" */ = {
			isa = XCConfigurationList;
			buildConfigurations = (
				32C9A629287F40FF009EB7CA /* Debug */,
				32C9A62A287F40FF009EB7CA /* Release */,
			);
			defaultConfigurationIsVisible = 0;
			defaultConfigurationName = Release;
		};
		32C9A62B287F40FF009EB7CA /* Build configuration list for PBXNativeTarget "Algorithms & Data Structures (iOS)" */ = {
			isa = XCConfigurationList;
			buildConfigurations = (
				32C9A62C287F40FF009EB7CA /* Debug */,
				32C9A62D287F40FF009EB7CA /* Release */,
			);
			defaultConfigurationIsVisible = 0;
			defaultConfigurationName = Release;
		};
		32C9A62E287F40FF009EB7CA /* Build configuration list for PBXNativeTarget "Algorithms & Data Structures (macOS)" */ = {
			isa = XCConfigurationList;
			buildConfigurations = (
				32C9A62F287F40FF009EB7CA /* Debug */,
				32C9A630287F40FF009EB7CA /* Release */,
			);
			defaultConfigurationIsVisible = 0;
			defaultConfigurationName = Release;
		};
/* End XCConfigurationList section */
	};
	rootObject = 32C9A60E287F40FD009EB7CA /* Project object */;
}
